
Microsoft Visual Studio Solution File, Format Version 12.00
# Visual Studio 2012
Project("{8BC9CEB8-8B4A-11D0-8D11-00A0C91BC942}") = "Sampler", "Sampler\Sampler.vcxproj", "{A47D944E-D013-4489-B833-22A2972B72D5}"
EndProject
Project("{8BC9CEB8-8B4A-11D0-8D11-00A0C91BC942}") = "FlipEngine", "FlipEngine\FlipEngine.vcxproj", "{43D5EEC3-7C08-413F-A26E-C1A11F05247B}"
EndProject
Project("{8BC9CEB8-8B4A-11D0-8D11-00A0C91BC942}") = "ImageView", "ImageView\ImageView.vcxproj", "{695EC2AD-36D7-4C2F-8FFC-21B23EBFC819}"
EndProject
Global
	GlobalSection(SolutionConfigurationPlatforms) = preSolution
		Debug|Win32 = Debug|Win32
		Release|Win32 = Release|Win32
	EndGlobalSection
	GlobalSection(ProjectConfigurationPlatforms) = postSolution
		{A47D944E-D013-4489-B833-22A2972B72D5}.Debug|Win32.ActiveCfg = Debug|Win32
		{A47D944E-D013-4489-B833-22A2972B72D5}.Debug|Win32.Build.0 = Debug|Win32
		{A47D944E-D013-4489-B833-22A2972B72D5}.Release|Win32.ActiveCfg = Release|Win32
		{A47D944E-D013-4489-B833-22A2972B72D5}.Release|Win32.Build.0 = Release|Win32
		{43D5EEC3-7C08-413F-A26E-C1A11F05247B}.Debug|Win32.ActiveCfg = Debug|Win32
		{43D5EEC3-7C08-413F-A26E-C1A11F05247B}.Debug|Win32.Build.0 = Debug|Win32
		{43D5EEC3-7C08-413F-A26E-C1A11F05247B}.Release|Win32.ActiveCfg = Release|Win32
		{43D5EEC3-7C08-413F-A26E-C1A11F05247B}.Release|Win32.Build.0 = Release|Win32
		{695EC2AD-36D7-4C2F-8FFC-21B23EBFC819}.Debug|Win32.ActiveCfg = Debug|Win32
		{695EC2AD-36D7-4C2F-8FFC-21B23EBFC819}.Debug|Win32.Build.0 = Debug|Win32
		{695EC2AD-36D7-4C2F-8FFC-21B23EBFC819}.Release|Win32.ActiveCfg = Release|Win32
		{695EC2AD-36D7-4C2F-8FFC-21B23EBFC819}.Release|Win32.Build.0 = Release|Win32
	EndGlobalSection
	GlobalSection(SolutionProperties) = preSolution
		HideSolutionNode = FALSE
	EndGlobalSection
EndGlobal
