<?xml version="1.0" encoding="utf-8"?>
<Project ToolsVersion="4.0" xmlns="http://schemas.microsoft.com/developer/msbuild/2003">
  <ItemGroup>
    <Filter Include="源文件">
      <UniqueIdentifier>{4FC737F1-C7A5-4376-A066-2A32D752A2FF}</UniqueIdentifier>
      <Extensions>cpp;c;cc;cxx;def;odl;idl;hpj;bat;asm;asmx</Extensions>
    </Filter>
    <Filter Include="头文件">
      <UniqueIdentifier>{93995380-89BD-4b04-88EB-625FBE52EBFB}</UniqueIdentifier>
      <Extensions>h;hpp;hxx;hm;inl;inc;xsd</Extensions>
    </Filter>
    <Filter Include="资源文件">
      <UniqueIdentifier>{67DA6AB6-F800-4c08-8B7A-83BB121AAD01}</UniqueIdentifier>
      <Extensions>rc;ico;cur;bmp;dlg;rc2;rct;bin;rgs;gif;jpg;jpeg;jpe;resx;tiff;tif;png;wav;mfcribbon-ms</Extensions>
    </Filter>
    <Filter Include="sys">
      <UniqueIdentifier>{f1e53a36-4046-4dd5-96a2-ab75f72c88a9}</UniqueIdentifier>
    </Filter>
    <Filter Include="framework">
      <UniqueIdentifier>{a3f8db2e-4a27-4bbb-9701-6f88086d02d7}</UniqueIdentifier>
    </Filter>
    <Filter Include="common">
      <UniqueIdentifier>{a14a4cb1-5c41-41ca-8935-4a212dca56a4}</UniqueIdentifier>
    </Filter>
    <Filter Include="renderer">
      <UniqueIdentifier>{a8e214b5-7e18-4798-b893-ea0e93edfbff}</UniqueIdentifier>
    </Filter>
    <Filter Include="resource">
      <UniqueIdentifier>{d3901b5c-3a11-407c-b562-885ef8b5d826}</UniqueIdentifier>
    </Filter>
    <Filter Include="libpng">
      <UniqueIdentifier>{bf1d9d3d-271e-4cd9-9e9c-c3463783f0cd}</UniqueIdentifier>
    </Filter>
    <Filter Include="libjpeg">
      <UniqueIdentifier>{e779c389-51ee-4aa8-97d0-ac2484c047a8}</UniqueIdentifier>
    </Filter>
    <Filter Include="zlib">
      <UniqueIdentifier>{f2dd0d78-3dd1-429e-8b24-f1bb54295754}</UniqueIdentifier>
    </Filter>
    <Filter Include="ui">
      <UniqueIdentifier>{de7726ab-891a-451c-ac32-fc9d7c3cfe6e}</UniqueIdentifier>
    </Filter>
  </ItemGroup>
  <ItemGroup>
    <ClCompile Include="..\Engine\sys\win32\win_main.cpp">
      <Filter>sys</Filter>
    </ClCompile>
    <ClCompile Include="..\Engine\sys\win32\win_syscon.cpp">
      <Filter>sys</Filter>
    </ClCompile>
    <ClCompile Include="..\Engine\sys\win32\win_shared.cpp">
      <Filter>sys</Filter>
    </ClCompile>
    <ClCompile Include="..\Engine\sys\win32\win_wndproc.cpp">
      <Filter>sys</Filter>
    </ClCompile>
    <ClCompile Include="..\Engine\renderer\RenderSystem.cpp">
      <Filter>renderer</Filter>
    </ClCompile>
    <ClCompile Include="..\Engine\framework\Common.cpp">
      <Filter>framework</Filter>
    </ClCompile>
    <ClCompile Include="..\Engine\sys\win32\win_glutilsimp.cpp">
      <Filter>sys</Filter>
    </ClCompile>
    <ClCompile Include="..\Engine\glutils.cpp">
      <Filter>renderer</Filter>
    </ClCompile>
    <ClCompile Include="..\Engine\PipelineP.cpp">
      <Filter>源文件</Filter>
    </ClCompile>
    <ClCompile Include="..\Engine\PipelinePT.cpp">
      <Filter>源文件</Filter>
    </ClCompile>
    <ClCompile Include="..\Engine\ResourceSystem.cpp">
      <Filter>resource</Filter>
    </ClCompile>
    <ClCompile Include="..\Engine\ImageLoaderPNG.cpp">
      <Filter>resource</Filter>
    </ClCompile>
    <ClCompile Include="..\Engine\ImageLoaderJPG.cpp">
      <Filter>resource</Filter>
    </ClCompile>
    <ClCompile Include="..\Engine\ImageLoaderDDS.cpp">
      <Filter>resource</Filter>
    </ClCompile>
    <ClCompile Include="..\Engine\ImageLoaderBMP.cpp">
      <Filter>resource</Filter>
    </ClCompile>
    <ClCompile Include="..\Engine\Image.cpp">
      <Filter>resource</Filter>
    </ClCompile>
    <ClCompile Include="..\Engine\jpeglib\jdatadst.c">
      <Filter>libjpeg</Filter>
    </ClCompile>
    <ClCompile Include="..\Engine\jpeglib\jdatasrc.c">
      <Filter>libjpeg</Filter>
    </ClCompile>
    <ClCompile Include="..\Engine\jpeglib\jdcoefct.c">
      <Filter>libjpeg</Filter>
    </ClCompile>
    <ClCompile Include="..\Engine\jpeglib\jdcolor.c">
      <Filter>libjpeg</Filter>
    </ClCompile>
    <ClCompile Include="..\Engine\jpeglib\jddctmgr.c">
      <Filter>libjpeg</Filter>
    </ClCompile>
    <ClCompile Include="..\Engine\jpeglib\jdhuff.c">
      <Filter>libjpeg</Filter>
    </ClCompile>
    <ClCompile Include="..\Engine\jpeglib\jdinput.c">
      <Filter>libjpeg</Filter>
    </ClCompile>
    <ClCompile Include="..\Engine\jpeglib\jdmainct.c">
      <Filter>libjpeg</Filter>
    </ClCompile>
    <ClCompile Include="..\Engine\jpeglib\jdmarker.c">
      <Filter>libjpeg</Filter>
    </ClCompile>
    <ClCompile Include="..\Engine\jpeglib\jdmaster.c">
      <Filter>libjpeg</Filter>
    </ClCompile>
    <ClCompile Include="..\Engine\jpeglib\jdmerge.c">
      <Filter>libjpeg</Filter>
    </ClCompile>
    <ClCompile Include="..\Engine\jpeglib\jdpostct.c">
      <Filter>libjpeg</Filter>
    </ClCompile>
    <ClCompile Include="..\Engine\jpeglib\jdsample.c">
      <Filter>libjpeg</Filter>
    </ClCompile>
    <ClCompile Include="..\Engine\jpeglib\jdtrans.c">
      <Filter>libjpeg</Filter>
    </ClCompile>
    <ClCompile Include="..\Engine\jpeglib\jerror.c">
      <Filter>libjpeg</Filter>
    </ClCompile>
    <ClCompile Include="..\Engine\jpeglib\jfdctflt.c">
      <Filter>libjpeg</Filter>
    </ClCompile>
    <ClCompile Include="..\Engine\jpeglib\jfdctfst.c">
      <Filter>libjpeg</Filter>
    </ClCompile>
    <ClCompile Include="..\Engine\jpeglib\jfdctint.c">
      <Filter>libjpeg</Filter>
    </ClCompile>
    <ClCompile Include="..\Engine\jpeglib\jidctflt.c">
      <Filter>libjpeg</Filter>
    </ClCompile>
    <ClCompile Include="..\Engine\jpeglib\jidctfst.c">
      <Filter>libjpeg</Filter>
    </ClCompile>
    <ClCompile Include="..\Engine\jpeglib\jidctint.c">
      <Filter>libjpeg</Filter>
    </ClCompile>
    <ClCompile Include="..\Engine\jpeglib\jmemansi.c">
      <Filter>libjpeg</Filter>
    </ClCompile>
    <ClCompile Include="..\Engine\jpeglib\jmemmgr.c">
      <Filter>libjpeg</Filter>
    </ClCompile>
    <ClCompile Include="..\Engine\jpeglib\jquant1.c">
      <Filter>libjpeg</Filter>
    </ClCompile>
    <ClCompile Include="..\Engine\jpeglib\jquant2.c">
      <Filter>libjpeg</Filter>
    </ClCompile>
    <ClCompile Include="..\Engine\jpeglib\jutils.c">
      <Filter>libjpeg</Filter>
    </ClCompile>
    <ClCompile Include="..\Engine\jpeglib\jaricom.c">
      <Filter>libjpeg</Filter>
    </ClCompile>
    <ClCompile Include="..\Engine\jpeglib\jcapimin.c">
      <Filter>libjpeg</Filter>
    </ClCompile>
    <ClCompile Include="..\Engine\jpeglib\jcapistd.c">
      <Filter>libjpeg</Filter>
    </ClCompile>
    <ClCompile Include="..\Engine\jpeglib\jcarith.c">
      <Filter>libjpeg</Filter>
    </ClCompile>
    <ClCompile Include="..\Engine\jpeglib\jccoefct.c">
      <Filter>libjpeg</Filter>
    </ClCompile>
    <ClCompile Include="..\Engine\jpeglib\jccolor.c">
      <Filter>libjpeg</Filter>
    </ClCompile>
    <ClCompile Include="..\Engine\jpeglib\jcdctmgr.c">
      <Filter>libjpeg</Filter>
    </ClCompile>
    <ClCompile Include="..\Engine\jpeglib\jchuff.c">
      <Filter>libjpeg</Filter>
    </ClCompile>
    <ClCompile Include="..\Engine\jpeglib\jcinit.c">
      <Filter>libjpeg</Filter>
    </ClCompile>
    <ClCompile Include="..\Engine\jpeglib\jcmainct.c">
      <Filter>libjpeg</Filter>
    </ClCompile>
    <ClCompile Include="..\Engine\jpeglib\jcmarker.c">
      <Filter>libjpeg</Filter>
    </ClCompile>
    <ClCompile Include="..\Engine\jpeglib\jcmaster.c">
      <Filter>libjpeg</Filter>
    </ClCompile>
    <ClCompile Include="..\Engine\jpeglib\jcomapi.c">
      <Filter>libjpeg</Filter>
    </ClCompile>
    <ClCompile Include="..\Engine\jpeglib\jcparam.c">
      <Filter>libjpeg</Filter>
    </ClCompile>
    <ClCompile Include="..\Engine\jpeglib\jcprepct.c">
      <Filter>libjpeg</Filter>
    </ClCompile>
    <ClCompile Include="..\Engine\jpeglib\jcsample.c">
      <Filter>libjpeg</Filter>
    </ClCompile>
    <ClCompile Include="..\Engine\jpeglib\jctrans.c">
      <Filter>libjpeg</Filter>
    </ClCompile>
    <ClCompile Include="..\Engine\jpeglib\jdapimin.c">
      <Filter>libjpeg</Filter>
    </ClCompile>
    <ClCompile Include="..\Engine\jpeglib\jdapistd.c">
      <Filter>libjpeg</Filter>
    </ClCompile>
    <ClCompile Include="..\Engine\jpeglib\jdarith.c">
      <Filter>libjpeg</Filter>
    </ClCompile>
    <ClCompile Include="..\Engine\libpng\pngerror.c">
      <Filter>libpng</Filter>
    </ClCompile>
    <ClCompile Include="..\Engine\libpng\pngget.c">
      <Filter>libpng</Filter>
    </ClCompile>
    <ClCompile Include="..\Engine\libpng\pngmem.c">
      <Filter>libpng</Filter>
    </ClCompile>
    <ClCompile Include="..\Engine\libpng\pngpread.c">
      <Filter>libpng</Filter>
    </ClCompile>
    <ClCompile Include="..\Engine\libpng\pngread.c">
      <Filter>libpng</Filter>
    </ClCompile>
    <ClCompile Include="..\Engine\libpng\pngrio.c">
      <Filter>libpng</Filter>
    </ClCompile>
    <ClCompile Include="..\Engine\libpng\pngrutil.c">
      <Filter>libpng</Filter>
    </ClCompile>
    <ClCompile Include="..\Engine\libpng\pngset.c">
      <Filter>libpng</Filter>
    </ClCompile>
    <ClCompile Include="..\Engine\libpng\pngtrans.c">
      <Filter>libpng</Filter>
    </ClCompile>
    <ClCompile Include="..\Engine\libpng\pngwio.c">
      <Filter>libpng</Filter>
    </ClCompile>
    <ClCompile Include="..\Engine\libpng\pngwrite.c">
      <Filter>libpng</Filter>
    </ClCompile>
    <ClCompile Include="..\Engine\libpng\pngwtran.c">
      <Filter>libpng</Filter>
    </ClCompile>
    <ClCompile Include="..\Engine\libpng\pngwutil.c">
      <Filter>libpng</Filter>
    </ClCompile>
    <ClCompile Include="..\Engine\zlib\adler32.c">
      <Filter>zlib</Filter>
    </ClCompile>
    <ClCompile Include="..\Engine\zlib\compress.c">
      <Filter>zlib</Filter>
    </ClCompile>
    <ClCompile Include="..\Engine\zlib\crc32.c">
      <Filter>zlib</Filter>
    </ClCompile>
    <ClCompile Include="..\Engine\zlib\deflate.c">
      <Filter>zlib</Filter>
    </ClCompile>
    <ClCompile Include="..\Engine\zlib\infback.c">
      <Filter>zlib</Filter>
    </ClCompile>
    <ClCompile Include="..\Engine\zlib\inffast.c">
      <Filter>zlib</Filter>
    </ClCompile>
    <ClCompile Include="..\Engine\zlib\inflate.c">
      <Filter>zlib</Filter>
    </ClCompile>
    <ClCompile Include="..\Engine\zlib\inftrees.c">
      <Filter>zlib</Filter>
    </ClCompile>
    <ClCompile Include="..\Engine\zlib\trees.c">
      <Filter>zlib</Filter>
    </ClCompile>
    <ClCompile Include="..\Engine\zlib\uncompr.c">
      <Filter>zlib</Filter>
    </ClCompile>
    <ClCompile Include="..\Engine\libpng\png.c">
      <Filter>libpng</Filter>
    </ClCompile>
    <ClCompile Include="..\Engine\libpng\pngrtran.c">
      <Filter>libpng</Filter>
    </ClCompile>
    <ClCompile Include="..\Engine\zlib\zutil.c">
      <Filter>zlib</Filter>
    </ClCompile>
    <ClCompile Include="..\Engine\MeshLoaderB3D.cpp">
      <Filter>resource</Filter>
    </ClCompile>
    <ClCompile Include="..\Engine\Mesh.cpp">
      <Filter>resource</Filter>
    </ClCompile>
    <ClCompile Include="..\Engine\Texture.cpp">
      <Filter>resource</Filter>
    </ClCompile>
    <ClCompile Include="..\Engine\Shader.cpp">
      <Filter>源文件</Filter>
    </ClCompile>
    <ClCompile Include="..\Engine\PipelinePTO.cpp">
      <Filter>源文件</Filter>
    </ClCompile>
    <ClCompile Include="..\Engine\Pipeline.cpp">
      <Filter>源文件</Filter>
    </ClCompile>
    <ClCompile Include="..\Engine\common\str.cpp">
      <Filter>common</Filter>
    </ClCompile>
    <ClCompile Include="..\Engine\common\Timer.cpp">
      <Filter>common</Filter>
    </ClCompile>
    <ClCompile Include="..\Engine\Sprite.cpp">
      <Filter>源文件</Filter>
    </ClCompile>
    <ClCompile Include="..\Engine\ShadowVolume.cpp">
      <Filter>源文件</Filter>
    </ClCompile>
    <ClCompile Include="..\Engine\Game.cpp">
      <Filter>源文件</Filter>
    </ClCompile>
    <ClCompile Include="..\Engine\renderer\draw_common.cpp">
      <Filter>源文件</Filter>
    </ClCompile>
    <ClCompile Include="..\Engine\r_public.cpp">
      <Filter>renderer</Filter>
    </ClCompile>
    <ClCompile Include="..\Engine\common\mat4.cpp">
      <Filter>common</Filter>
    </ClCompile>
    <ClCompile Include="..\Engine\common\vec2.cpp">
      <Filter>common</Filter>
    </ClCompile>
    <ClCompile Include="..\Engine\common\Joint.cpp">
      <Filter>common</Filter>
    </ClCompile>
    <ClCompile Include="..\Engine\common\quat.cpp">
      <Filter>common</Filter>
    </ClCompile>
    <ClCompile Include="..\Engine\File.cpp">
      <Filter>sys</Filter>
    </ClCompile>
    <ClCompile Include="..\Engine\Model.cpp">
      <Filter>源文件</Filter>
    </ClCompile>
    <ClCompile Include="..\Media\KnightModel.cpp">
      <Filter>源文件</Filter>
    </ClCompile>
  </ItemGroup>
  <ItemGroup>
    <ClInclude Include="..\Engine\sys\win32\win_local.h">
      <Filter>sys</Filter>
    </ClInclude>
    <ClInclude Include="..\Engine\sys\sys_public.h">
      <Filter>sys</Filter>
    </ClInclude>
    <ClInclude Include="..\Engine\framework\Common.h">
      <Filter>framework</Filter>
    </ClInclude>
    <ClInclude Include="..\Engine\common\precompiled.h">
      <Filter>common</Filter>
    </ClInclude>
    <ClInclude Include="..\Engine\framework\KeyInput.h">
      <Filter>framework</Filter>
    </ClInclude>
    <ClInclude Include="..\Engine\renderer\RenderSystem.h">
      <Filter>renderer</Filter>
    </ClInclude>
    <ClInclude Include="..\Engine\common\List.h">
      <Filter>common</Filter>
    </ClInclude>
    <ClInclude Include="..\Engine\glutils.h">
      <Filter>renderer</Filter>
    </ClInclude>
    <ClInclude Include="..\Engine\PipelineP.h">
      <Filter>头文件</Filter>
    </ClInclude>
    <ClInclude Include="..\Engine\color4.h">
      <Filter>common</Filter>
    </ClInclude>
    <ClInclude Include="..\Engine\PipelinePT.h">
      <Filter>头文件</Filter>
    </ClInclude>
    <ClInclude Include="..\Engine\ResourceSystem.h">
      <Filter>resource</Filter>
    </ClInclude>
    <ClInclude Include="..\Engine\ImageLoader.h">
      <Filter>resource</Filter>
    </ClInclude>
    <ClInclude Include="..\Engine\Image.h">
      <Filter>resource</Filter>
    </ClInclude>
    <ClInclude Include="..\Engine\jpeglib\jdct.h">
      <Filter>libjpeg</Filter>
    </ClInclude>
    <ClInclude Include="..\Engine\jpeglib\jerror.h">
      <Filter>libjpeg</Filter>
    </ClInclude>
    <ClInclude Include="..\Engine\jpeglib\jinclude.h">
      <Filter>libjpeg</Filter>
    </ClInclude>
    <ClInclude Include="..\Engine\jpeglib\jmemsys.h">
      <Filter>libjpeg</Filter>
    </ClInclude>
    <ClInclude Include="..\Engine\jpeglib\jmorecfg.h">
      <Filter>libjpeg</Filter>
    </ClInclude>
    <ClInclude Include="..\Engine\jpeglib\jpegint.h">
      <Filter>libjpeg</Filter>
    </ClInclude>
    <ClInclude Include="..\Engine\jpeglib\jpeglib.h">
      <Filter>libjpeg</Filter>
    </ClInclude>
    <ClInclude Include="..\Engine\jpeglib\jversion.h">
      <Filter>libjpeg</Filter>
    </ClInclude>
    <ClInclude Include="..\Engine\jpeglib\cderror.h">
      <Filter>libjpeg</Filter>
    </ClInclude>
    <ClInclude Include="..\Engine\jpeglib\jconfig.h">
      <Filter>libjpeg</Filter>
    </ClInclude>
    <ClInclude Include="..\Engine\libpng\pngconf.h">
      <Filter>libpng</Filter>
    </ClInclude>
    <ClInclude Include="..\Engine\zlib\crc32.h">
      <Filter>zlib</Filter>
    </ClInclude>
    <ClInclude Include="..\Engine\zlib\deflate.h">
      <Filter>zlib</Filter>
    </ClInclude>
    <ClInclude Include="..\Engine\zlib\inffast.h">
      <Filter>zlib</Filter>
    </ClInclude>
    <ClInclude Include="..\Engine\zlib\inffixed.h">
      <Filter>zlib</Filter>
    </ClInclude>
    <ClInclude Include="..\Engine\zlib\inflate.h">
      <Filter>zlib</Filter>
    </ClInclude>
    <ClInclude Include="..\Engine\zlib\inftrees.h">
      <Filter>zlib</Filter>
    </ClInclude>
    <ClInclude Include="..\Engine\zlib\trees.h">
      <Filter>zlib</Filter>
    </ClInclude>
    <ClInclude Include="..\Engine\zlib\zconf.h">
      <Filter>zlib</Filter>
    </ClInclude>
    <ClInclude Include="..\Engine\zlib\zlib.h">
      <Filter>zlib</Filter>
    </ClInclude>
    <ClInclude Include="..\Engine\libpng\png.h">
      <Filter>libpng</Filter>
    </ClInclude>
    <ClInclude Include="..\Engine\zlib\zutil.h">
      <Filter>zlib</Filter>
    </ClInclude>
    <ClInclude Include="..\Engine\MeshLoaderB3D.h">
      <Filter>resource</Filter>
    </ClInclude>
    <ClInclude Include="..\Engine\Mesh.h">
      <Filter>resource</Filter>
    </ClInclude>
    <ClInclude Include="..\Engine\Texture.h">
      <Filter>resource</Filter>
    </ClInclude>
    <ClInclude Include="..\Engine\Shader.h">
      <Filter>头文件</Filter>
    </ClInclude>
    <ClInclude Include="..\Engine\ShaderSource.h">
      <Filter>头文件</Filter>
    </ClInclude>
    <ClInclude Include="..\Engine\PipelinePTO.h">
      <Filter>头文件</Filter>
    </ClInclude>
    <ClInclude Include="..\Engine\Pipeline.h">
      <Filter>头文件</Filter>
    </ClInclude>
    <ClInclude Include="..\Engine\common\str.h">
      <Filter>common</Filter>
    </ClInclude>
    <ClInclude Include="..\Engine\common\Timer.h">
      <Filter>common</Filter>
    </ClInclude>
    <ClInclude Include="..\Engine\Sprite.h">
      <Filter>头文件</Filter>
    </ClInclude>
    <ClInclude Include="..\Engine\ShadowVolume.h">
      <Filter>头文件</Filter>
    </ClInclude>
    <ClInclude Include="..\Engine\HashTable.h">
      <Filter>头文件</Filter>
    </ClInclude>
    <ClInclude Include="..\Engine\Game.h">
      <Filter>头文件</Filter>
    </ClInclude>
    <ClInclude Include="..\Engine\DrawVert.h">
      <Filter>头文件</Filter>
    </ClInclude>
    <ClInclude Include="..\Engine\renderer\draw_common.h">
      <Filter>头文件</Filter>
    </ClInclude>
    <ClInclude Include="..\Engine\r_public.h">
      <Filter>renderer</Filter>
    </ClInclude>
    <ClInclude Include="..\Engine\common\mat4.h">
      <Filter>common</Filter>
    </ClInclude>
    <ClInclude Include="..\Engine\common\mat4helper.h">
      <Filter>common</Filter>
    </ClInclude>
    <ClInclude Include="..\Engine\common\vec2.h">
      <Filter>common</Filter>
    </ClInclude>
    <ClInclude Include="..\Engine\common\vec3.h">
      <Filter>common</Filter>
    </ClInclude>
    <ClInclude Include="..\Engine\common\Joint.h">
      <Filter>common</Filter>
    </ClInclude>
    <ClInclude Include="..\Engine\common\quat.h">
      <Filter>common</Filter>
    </ClInclude>
    <ClInclude Include="..\Engine\common\array.h">
      <Filter>common</Filter>
    </ClInclude>
    <ClInclude Include="..\Engine\File.h">
      <Filter>sys</Filter>
    </ClInclude>
    <ClInclude Include="..\Engine\Model.h">
      <Filter>头文件</Filter>
    </ClInclude>
    <ClInclude Include="..\Media\KnightModel.h">
      <Filter>头文件</Filter>
    </ClInclude>
  </ItemGroup>
</Project>