<?xml version="1.0" encoding="utf-8"?>
<Project ToolsVersion="4.0" xmlns="http://schemas.microsoft.com/developer/msbuild/2003">
  <ItemGroup>
    <Filter Include="资源文件">
      <UniqueIdentifier>{67DA6AB6-F800-4c08-8B7A-83BB121AAD01}</UniqueIdentifier>
      <Extensions>rc;ico;cur;bmp;dlg;rc2;rct;bin;rgs;gif;jpg;jpeg;jpe;resx;tiff;tif;png;wav;mfcribbon-ms</Extensions>
    </Filter>
    <Filter Include="common">
      <UniqueIdentifier>{d88e481f-7fdd-41bb-9909-877199bed60c}</UniqueIdentifier>
    </Filter>
    <Filter Include="framework">
      <UniqueIdentifier>{1deadeae-b031-40b2-aa4b-1d9dc73f9af2}</UniqueIdentifier>
    </Filter>
    <Filter Include="renderer">
      <UniqueIdentifier>{f7044928-a8d5-45b3-99a9-a897f717b201}</UniqueIdentifier>
    </Filter>
    <Filter Include="resource">
      <UniqueIdentifier>{1024b3f6-527e-49d6-b34b-64455dc61005}</UniqueIdentifier>
    </Filter>
    <Filter Include="sys">
      <UniqueIdentifier>{29bfbb7b-04ac-429c-a633-83435516451c}</UniqueIdentifier>
    </Filter>
    <Filter Include="头文件">
      <UniqueIdentifier>{c009582d-28f2-4970-9dfc-cb4d0f2d99ee}</UniqueIdentifier>
    </Filter>
    <Filter Include="源文件">
      <UniqueIdentifier>{4bc43604-2c62-4dd9-89b6-92796b8f17da}</UniqueIdentifier>
    </Filter>
    <Filter Include="autolua">
      <UniqueIdentifier>{0dbb5001-0274-4627-9c62-e5a62af1f62f}</UniqueIdentifier>
    </Filter>
    <Filter Include="script">
      <UniqueIdentifier>{0b7d2966-91af-4cb7-8dda-ba0efcd3f36e}</UniqueIdentifier>
    </Filter>
    <Filter Include="external">
      <UniqueIdentifier>{4a2d2f85-c138-45ce-9c4e-902b0db73550}</UniqueIdentifier>
    </Filter>
    <Filter Include="external\lua">
      <UniqueIdentifier>{a8d0bcd7-9093-4de8-b540-1ec814b16f62}</UniqueIdentifier>
    </Filter>
    <Filter Include="external\zlib">
      <UniqueIdentifier>{416383ac-b15f-4803-aa3d-860adbb4812c}</UniqueIdentifier>
    </Filter>
    <Filter Include="external\libjpeg">
      <UniqueIdentifier>{5c261911-8354-420e-89ad-0d0ddce32271}</UniqueIdentifier>
    </Filter>
    <Filter Include="external\libpng">
      <UniqueIdentifier>{e110f520-fc92-404f-b065-4859816d6c52}</UniqueIdentifier>
    </Filter>
  </ItemGroup>
  <ItemGroup>
    <ClCompile Include="..\Engine\common\Joint.cpp">
      <Filter>common</Filter>
    </ClCompile>
    <ClCompile Include="..\Engine\common\mat4.cpp">
      <Filter>common</Filter>
    </ClCompile>
    <ClCompile Include="..\Engine\common\quat.cpp">
      <Filter>common</Filter>
    </ClCompile>
    <ClCompile Include="..\Engine\common\str.cpp">
      <Filter>common</Filter>
    </ClCompile>
    <ClCompile Include="..\Engine\common\Timer.cpp">
      <Filter>common</Filter>
    </ClCompile>
    <ClCompile Include="..\Engine\common\vec2.cpp">
      <Filter>common</Filter>
    </ClCompile>
    <ClCompile Include="..\Engine\glutils.cpp">
      <Filter>renderer</Filter>
    </ClCompile>
    <ClCompile Include="..\Engine\r_public.cpp">
      <Filter>renderer</Filter>
    </ClCompile>
    <ClCompile Include="..\Engine\renderer\RenderSystem.cpp">
      <Filter>renderer</Filter>
    </ClCompile>
    <ClCompile Include="..\Engine\Image.cpp">
      <Filter>resource</Filter>
    </ClCompile>
    <ClCompile Include="..\Engine\ImageLoaderBMP.cpp">
      <Filter>resource</Filter>
    </ClCompile>
    <ClCompile Include="..\Engine\ImageLoaderDDS.cpp">
      <Filter>resource</Filter>
    </ClCompile>
    <ClCompile Include="..\Engine\ImageLoaderJPG.cpp">
      <Filter>resource</Filter>
    </ClCompile>
    <ClCompile Include="..\Engine\ImageLoaderPNG.cpp">
      <Filter>resource</Filter>
    </ClCompile>
    <ClCompile Include="..\Engine\MeshLoader3DS.cpp">
      <Filter>resource</Filter>
    </ClCompile>
    <ClCompile Include="..\Engine\MeshLoaderB3D.cpp">
      <Filter>resource</Filter>
    </ClCompile>
    <ClCompile Include="..\Engine\ResourceSystem.cpp">
      <Filter>resource</Filter>
    </ClCompile>
    <ClCompile Include="..\Engine\Texture.cpp">
      <Filter>resource</Filter>
    </ClCompile>
    <ClCompile Include="..\Engine\sys\win32\win_glutilsimp.cpp">
      <Filter>sys</Filter>
    </ClCompile>
    <ClCompile Include="..\Engine\sys\win32\win_shared.cpp">
      <Filter>sys</Filter>
    </ClCompile>
    <ClCompile Include="..\Engine\sys\win32\win_syscon.cpp">
      <Filter>sys</Filter>
    </ClCompile>
    <ClCompile Include="..\Engine\sys\win32\win_wndproc.cpp">
      <Filter>sys</Filter>
    </ClCompile>
    <ClCompile Include="..\Engine\Camera.cpp">
      <Filter>源文件</Filter>
    </ClCompile>
    <ClCompile Include="..\Engine\ShadowVolume.cpp">
      <Filter>源文件</Filter>
    </ClCompile>
    <ClCompile Include="..\Media\KnightModel.cpp">
      <Filter>源文件</Filter>
    </ClCompile>
    <ClCompile Include="..\Engine\common\Plane.cpp">
      <Filter>common</Filter>
    </ClCompile>
    <ClCompile Include="..\Engine\common\aabb3d.cpp">
      <Filter>common</Filter>
    </ClCompile>
    <ClCompile Include="..\Engine\ImageLoaderTGA.cpp">
      <Filter>resource</Filter>
    </ClCompile>
    <ClCompile Include="..\Engine\Model_lwo.cpp">
      <Filter>resource</Filter>
    </ClCompile>
    <ClCompile Include="..\Engine\common\Math.cpp">
      <Filter>common</Filter>
    </ClCompile>
    <ClCompile Include="..\Engine\File.cpp">
      <Filter>common</Filter>
    </ClCompile>
    <ClCompile Include="..\Engine\common\hashtable.cpp">
      <Filter>common</Filter>
    </ClCompile>
    <ClCompile Include="..\Engine\Interaction.cpp">
      <Filter>源文件</Filter>
    </ClCompile>
    <ClCompile Include="..\Engine\Material.cpp">
      <Filter>源文件</Filter>
    </ClCompile>
    <ClCompile Include="..\Engine\tr_trisurf.cpp">
      <Filter>源文件</Filter>
    </ClCompile>
    <ClCompile Include="..\Engine\common\Heap.cpp">
      <Filter>common</Filter>
    </ClCompile>
    <ClCompile Include="..\Engine\MapFile.cpp">
      <Filter>源文件</Filter>
    </ClCompile>
    <ClCompile Include="..\Engine\Mesh.cpp">
      <Filter>resource</Filter>
    </ClCompile>
    <ClCompile Include="..\Engine\Sprite.cpp">
      <Filter>renderer</Filter>
    </ClCompile>
    <ClCompile Include="..\Engine\renderer\draw_common.cpp">
      <Filter>renderer</Filter>
    </ClCompile>
    <ClCompile Include="..\Engine\renderer\draw_common1.cpp">
      <Filter>renderer</Filter>
    </ClCompile>
    <ClCompile Include="..\Engine\Shader.cpp">
      <Filter>renderer</Filter>
    </ClCompile>
    <ClCompile Include="..\Engine\Model.cpp">
      <Filter>renderer</Filter>
    </ClCompile>
    <ClCompile Include="..\Engine\ScriptSystem.cpp">
      <Filter>script</Filter>
    </ClCompile>
    <ClCompile Include="..\Engine\luautils.cpp">
      <Filter>script</Filter>
    </ClCompile>
    <ClCompile Include="..\Engine\lrender.cpp">
      <Filter>script</Filter>
    </ClCompile>
    <ClCompile Include="..\Engine\autolua\lSprite.cpp">
      <Filter>autolua</Filter>
    </ClCompile>
    <ClCompile Include="..\Engine\autolua\lModel.cpp">
      <Filter>autolua</Filter>
    </ClCompile>
    <ClCompile Include="..\Engine\autolua\lCamera.cpp">
      <Filter>autolua</Filter>
    </ClCompile>
    <ClCompile Include="..\Engine\autolua\lAniModel.cpp">
      <Filter>autolua</Filter>
    </ClCompile>
    <ClCompile Include="..\Engine\Anim.cpp" />
    <ClCompile Include="..\Engine\external\jpeglib\jaricom.c">
      <Filter>external\libjpeg</Filter>
    </ClCompile>
    <ClCompile Include="..\Engine\external\zlib\compress.c">
      <Filter>external\zlib</Filter>
    </ClCompile>
    <ClCompile Include="..\Engine\external\zlib\adler32.c">
      <Filter>external\zlib</Filter>
    </ClCompile>
    <ClCompile Include="..\Engine\external\zlib\crc32.c">
      <Filter>external\zlib</Filter>
    </ClCompile>
    <ClCompile Include="..\Engine\external\zlib\deflate.c">
      <Filter>external\zlib</Filter>
    </ClCompile>
    <ClCompile Include="..\Engine\external\zlib\infback.c">
      <Filter>external\zlib</Filter>
    </ClCompile>
    <ClCompile Include="..\Engine\external\zlib\inffast.c">
      <Filter>external\zlib</Filter>
    </ClCompile>
    <ClCompile Include="..\Engine\external\zlib\inflate.c">
      <Filter>external\zlib</Filter>
    </ClCompile>
    <ClCompile Include="..\Engine\external\zlib\inftrees.c">
      <Filter>external\zlib</Filter>
    </ClCompile>
    <ClCompile Include="..\Engine\external\jpeglib\jutils.c">
      <Filter>external\libjpeg</Filter>
    </ClCompile>
    <ClCompile Include="..\Engine\external\jpeglib\jcapimin.c">
      <Filter>external\libjpeg</Filter>
    </ClCompile>
    <ClCompile Include="..\Engine\external\jpeglib\jcapistd.c">
      <Filter>external\libjpeg</Filter>
    </ClCompile>
    <ClCompile Include="..\Engine\external\jpeglib\jcarith.c">
      <Filter>external\libjpeg</Filter>
    </ClCompile>
    <ClCompile Include="..\Engine\external\jpeglib\jccoefct.c">
      <Filter>external\libjpeg</Filter>
    </ClCompile>
    <ClCompile Include="..\Engine\external\jpeglib\jccolor.c">
      <Filter>external\libjpeg</Filter>
    </ClCompile>
    <ClCompile Include="..\Engine\external\jpeglib\jcdctmgr.c">
      <Filter>external\libjpeg</Filter>
    </ClCompile>
    <ClCompile Include="..\Engine\external\jpeglib\jchuff.c">
      <Filter>external\libjpeg</Filter>
    </ClCompile>
    <ClCompile Include="..\Engine\external\jpeglib\jcinit.c">
      <Filter>external\libjpeg</Filter>
    </ClCompile>
    <ClCompile Include="..\Engine\external\jpeglib\jcmainct.c">
      <Filter>external\libjpeg</Filter>
    </ClCompile>
    <ClCompile Include="..\Engine\external\jpeglib\jcmarker.c">
      <Filter>external\libjpeg</Filter>
    </ClCompile>
    <ClCompile Include="..\Engine\external\jpeglib\jcmaster.c">
      <Filter>external\libjpeg</Filter>
    </ClCompile>
    <ClCompile Include="..\Engine\external\jpeglib\jcomapi.c">
      <Filter>external\libjpeg</Filter>
    </ClCompile>
    <ClCompile Include="..\Engine\external\jpeglib\jcparam.c">
      <Filter>external\libjpeg</Filter>
    </ClCompile>
    <ClCompile Include="..\Engine\external\jpeglib\jcprepct.c">
      <Filter>external\libjpeg</Filter>
    </ClCompile>
    <ClCompile Include="..\Engine\external\jpeglib\jcsample.c">
      <Filter>external\libjpeg</Filter>
    </ClCompile>
    <ClCompile Include="..\Engine\external\jpeglib\jctrans.c">
      <Filter>external\libjpeg</Filter>
    </ClCompile>
    <ClCompile Include="..\Engine\external\jpeglib\jdapimin.c">
      <Filter>external\libjpeg</Filter>
    </ClCompile>
    <ClCompile Include="..\Engine\external\jpeglib\jdapistd.c">
      <Filter>external\libjpeg</Filter>
    </ClCompile>
    <ClCompile Include="..\Engine\external\jpeglib\jdarith.c">
      <Filter>external\libjpeg</Filter>
    </ClCompile>
    <ClCompile Include="..\Engine\external\jpeglib\jdatadst.c">
      <Filter>external\libjpeg</Filter>
    </ClCompile>
    <ClCompile Include="..\Engine\external\jpeglib\jdatasrc.c">
      <Filter>external\libjpeg</Filter>
    </ClCompile>
    <ClCompile Include="..\Engine\external\jpeglib\jdcoefct.c">
      <Filter>external\libjpeg</Filter>
    </ClCompile>
    <ClCompile Include="..\Engine\external\jpeglib\jdcolor.c">
      <Filter>external\libjpeg</Filter>
    </ClCompile>
    <ClCompile Include="..\Engine\external\jpeglib\jddctmgr.c">
      <Filter>external\libjpeg</Filter>
    </ClCompile>
    <ClCompile Include="..\Engine\external\jpeglib\jdhuff.c">
      <Filter>external\libjpeg</Filter>
    </ClCompile>
    <ClCompile Include="..\Engine\external\jpeglib\jdinput.c">
      <Filter>external\libjpeg</Filter>
    </ClCompile>
    <ClCompile Include="..\Engine\external\jpeglib\jdmainct.c">
      <Filter>external\libjpeg</Filter>
    </ClCompile>
    <ClCompile Include="..\Engine\external\jpeglib\jdmarker.c">
      <Filter>external\libjpeg</Filter>
    </ClCompile>
    <ClCompile Include="..\Engine\external\jpeglib\jdmaster.c">
      <Filter>external\libjpeg</Filter>
    </ClCompile>
    <ClCompile Include="..\Engine\external\jpeglib\jdmerge.c">
      <Filter>external\libjpeg</Filter>
    </ClCompile>
    <ClCompile Include="..\Engine\external\jpeglib\jdpostct.c">
      <Filter>external\libjpeg</Filter>
    </ClCompile>
    <ClCompile Include="..\Engine\external\jpeglib\jdsample.c">
      <Filter>external\libjpeg</Filter>
    </ClCompile>
    <ClCompile Include="..\Engine\external\jpeglib\jdtrans.c">
      <Filter>external\libjpeg</Filter>
    </ClCompile>
    <ClCompile Include="..\Engine\external\jpeglib\jerror.c">
      <Filter>external\libjpeg</Filter>
    </ClCompile>
    <ClCompile Include="..\Engine\external\jpeglib\jfdctflt.c">
      <Filter>external\libjpeg</Filter>
    </ClCompile>
    <ClCompile Include="..\Engine\external\jpeglib\jfdctfst.c">
      <Filter>external\libjpeg</Filter>
    </ClCompile>
    <ClCompile Include="..\Engine\external\jpeglib\jfdctint.c">
      <Filter>external\libjpeg</Filter>
    </ClCompile>
    <ClCompile Include="..\Engine\external\jpeglib\jidctflt.c">
      <Filter>external\libjpeg</Filter>
    </ClCompile>
    <ClCompile Include="..\Engine\external\jpeglib\jidctfst.c">
      <Filter>external\libjpeg</Filter>
    </ClCompile>
    <ClCompile Include="..\Engine\external\jpeglib\jidctint.c">
      <Filter>external\libjpeg</Filter>
    </ClCompile>
    <ClCompile Include="..\Engine\external\jpeglib\jmemansi.c">
      <Filter>external\libjpeg</Filter>
    </ClCompile>
    <ClCompile Include="..\Engine\external\jpeglib\jmemmgr.c">
      <Filter>external\libjpeg</Filter>
    </ClCompile>
    <ClCompile Include="..\Engine\external\jpeglib\jquant1.c">
      <Filter>external\libjpeg</Filter>
    </ClCompile>
    <ClCompile Include="..\Engine\external\jpeglib\jquant2.c">
      <Filter>external\libjpeg</Filter>
    </ClCompile>
    <ClCompile Include="..\Engine\external\lua\lapi.c">
      <Filter>external\lua</Filter>
    </ClCompile>
    <ClCompile Include="..\Engine\external\lua\lauxlib.c">
      <Filter>external\lua</Filter>
    </ClCompile>
    <ClCompile Include="..\Engine\external\lua\lbaselib.c">
      <Filter>external\lua</Filter>
    </ClCompile>
    <ClCompile Include="..\Engine\external\lua\lcode.c">
      <Filter>external\lua</Filter>
    </ClCompile>
    <ClCompile Include="..\Engine\external\lua\ldblib.c">
      <Filter>external\lua</Filter>
    </ClCompile>
    <ClCompile Include="..\Engine\external\lua\ldebug.c">
      <Filter>external\lua</Filter>
    </ClCompile>
    <ClCompile Include="..\Engine\external\lua\ldo.c">
      <Filter>external\lua</Filter>
    </ClCompile>
    <ClCompile Include="..\Engine\external\lua\ldump.c">
      <Filter>external\lua</Filter>
    </ClCompile>
    <ClCompile Include="..\Engine\external\lua\lfunc.c">
      <Filter>external\lua</Filter>
    </ClCompile>
    <ClCompile Include="..\Engine\external\lua\lgc.c">
      <Filter>external\lua</Filter>
    </ClCompile>
    <ClCompile Include="..\Engine\external\lua\linit.c">
      <Filter>external\lua</Filter>
    </ClCompile>
    <ClCompile Include="..\Engine\external\lua\liolib.c">
      <Filter>external\lua</Filter>
    </ClCompile>
    <ClCompile Include="..\Engine\external\lua\llex.c">
      <Filter>external\lua</Filter>
    </ClCompile>
    <ClCompile Include="..\Engine\external\lua\lmathlib.c">
      <Filter>external\lua</Filter>
    </ClCompile>
    <ClCompile Include="..\Engine\external\lua\lmem.c">
      <Filter>external\lua</Filter>
    </ClCompile>
    <ClCompile Include="..\Engine\external\lua\loadlib.c">
      <Filter>external\lua</Filter>
    </ClCompile>
    <ClCompile Include="..\Engine\external\lua\lobject.c">
      <Filter>external\lua</Filter>
    </ClCompile>
    <ClCompile Include="..\Engine\external\lua\lopcodes.c">
      <Filter>external\lua</Filter>
    </ClCompile>
    <ClCompile Include="..\Engine\external\lua\loslib.c">
      <Filter>external\lua</Filter>
    </ClCompile>
    <ClCompile Include="..\Engine\external\lua\lparser.c">
      <Filter>external\lua</Filter>
    </ClCompile>
    <ClCompile Include="..\Engine\external\lua\lstate.c">
      <Filter>external\lua</Filter>
    </ClCompile>
    <ClCompile Include="..\Engine\external\lua\lstring.c">
      <Filter>external\lua</Filter>
    </ClCompile>
    <ClCompile Include="..\Engine\external\lua\lstrlib.c">
      <Filter>external\lua</Filter>
    </ClCompile>
    <ClCompile Include="..\Engine\external\lua\ltable.c">
      <Filter>external\lua</Filter>
    </ClCompile>
    <ClCompile Include="..\Engine\external\lua\ltablib.c">
      <Filter>external\lua</Filter>
    </ClCompile>
    <ClCompile Include="..\Engine\external\lua\ltm.c">
      <Filter>external\lua</Filter>
    </ClCompile>
    <ClCompile Include="..\Engine\external\lua\lua.c">
      <Filter>external\lua</Filter>
    </ClCompile>
    <ClCompile Include="..\Engine\external\lua\lundump.c">
      <Filter>external\lua</Filter>
    </ClCompile>
    <ClCompile Include="..\Engine\external\lua\lvm.c">
      <Filter>external\lua</Filter>
    </ClCompile>
    <ClCompile Include="..\Engine\external\lua\lzio.c">
      <Filter>external\lua</Filter>
    </ClCompile>
    <ClCompile Include="..\Engine\external\libpng\png.c">
      <Filter>external\libpng</Filter>
    </ClCompile>
    <ClCompile Include="..\Engine\external\libpng\pngerror.c">
      <Filter>external\libpng</Filter>
    </ClCompile>
    <ClCompile Include="..\Engine\external\libpng\pngget.c">
      <Filter>external\libpng</Filter>
    </ClCompile>
    <ClCompile Include="..\Engine\external\libpng\pngmem.c">
      <Filter>external\libpng</Filter>
    </ClCompile>
    <ClCompile Include="..\Engine\external\libpng\pngpread.c">
      <Filter>external\libpng</Filter>
    </ClCompile>
    <ClCompile Include="..\Engine\external\libpng\pngread.c">
      <Filter>external\libpng</Filter>
    </ClCompile>
    <ClCompile Include="..\Engine\external\libpng\pngrio.c">
      <Filter>external\libpng</Filter>
    </ClCompile>
    <ClCompile Include="..\Engine\external\libpng\pngrtran.c">
      <Filter>external\libpng</Filter>
    </ClCompile>
    <ClCompile Include="..\Engine\external\libpng\pngrutil.c">
      <Filter>external\libpng</Filter>
    </ClCompile>
    <ClCompile Include="..\Engine\external\libpng\pngset.c">
      <Filter>external\libpng</Filter>
    </ClCompile>
    <ClCompile Include="..\Engine\external\libpng\pngtrans.c">
      <Filter>external\libpng</Filter>
    </ClCompile>
    <ClCompile Include="..\Engine\external\libpng\pngwio.c">
      <Filter>external\libpng</Filter>
    </ClCompile>
    <ClCompile Include="..\Engine\external\libpng\pngwrite.c">
      <Filter>external\libpng</Filter>
    </ClCompile>
    <ClCompile Include="..\Engine\external\libpng\pngwtran.c">
      <Filter>external\libpng</Filter>
    </ClCompile>
    <ClCompile Include="..\Engine\external\libpng\pngwutil.c">
      <Filter>external\libpng</Filter>
    </ClCompile>
    <ClCompile Include="..\Engine\external\lua\print.c">
      <Filter>external\lua</Filter>
    </ClCompile>
    <ClCompile Include="..\Engine\external\zlib\trees.c">
      <Filter>external\zlib</Filter>
    </ClCompile>
    <ClCompile Include="..\Engine\external\zlib\zutil.c">
      <Filter>external\zlib</Filter>
    </ClCompile>
    <ClCompile Include="..\Engine\external\zlib\uncompr.c">
      <Filter>external\zlib</Filter>
    </ClCompile>
    <ClCompile Include="..\Engine\common\Token.cpp">
      <Filter>common</Filter>
    </ClCompile>
    <ClCompile Include="..\Engine\common\Lexer.cpp">
      <Filter>common</Filter>
    </ClCompile>
    <ClCompile Include="..\Engine\common\Parser.cpp">
      <Filter>common</Filter>
    </ClCompile>
    <ClCompile Include="..\Engine\lgeo.cpp">
      <Filter>script</Filter>
    </ClCompile>
    <ClCompile Include="..\Engine\Shape.cpp">
      <Filter>renderer</Filter>
    </ClCompile>
    <ClCompile Include="..\Engine\Game.cpp" />
  </ItemGroup>
  <ItemGroup>
    <ClInclude Include="..\Engine\color4.h">
      <Filter>common</Filter>
    </ClInclude>
    <ClInclude Include="..\Engine\common\array.h">
      <Filter>common</Filter>
    </ClInclude>
    <ClInclude Include="..\Engine\common\Joint.h">
      <Filter>common</Filter>
    </ClInclude>
    <ClInclude Include="..\Engine\common\List.h">
      <Filter>common</Filter>
    </ClInclude>
    <ClInclude Include="..\Engine\common\mat4.h">
      <Filter>common</Filter>
    </ClInclude>
    <ClInclude Include="..\Engine\common\mat4helper.h">
      <Filter>common</Filter>
    </ClInclude>
    <ClInclude Include="..\Engine\common\precompiled.h">
      <Filter>common</Filter>
    </ClInclude>
    <ClInclude Include="..\Engine\common\quat.h">
      <Filter>common</Filter>
    </ClInclude>
    <ClInclude Include="..\Engine\common\str.h">
      <Filter>common</Filter>
    </ClInclude>
    <ClInclude Include="..\Engine\common\Timer.h">
      <Filter>common</Filter>
    </ClInclude>
    <ClInclude Include="..\Engine\common\vec2.h">
      <Filter>common</Filter>
    </ClInclude>
    <ClInclude Include="..\Engine\common\vec3.h">
      <Filter>common</Filter>
    </ClInclude>
    <ClInclude Include="..\Engine\framework\KeyInput.h">
      <Filter>framework</Filter>
    </ClInclude>
    <ClInclude Include="..\Engine\glutils.h">
      <Filter>renderer</Filter>
    </ClInclude>
    <ClInclude Include="..\Engine\r_public.h">
      <Filter>renderer</Filter>
    </ClInclude>
    <ClInclude Include="..\Engine\renderer\RenderSystem.h">
      <Filter>renderer</Filter>
    </ClInclude>
    <ClInclude Include="..\Engine\Image.h">
      <Filter>resource</Filter>
    </ClInclude>
    <ClInclude Include="..\Engine\MeshLoaderB3D.h">
      <Filter>resource</Filter>
    </ClInclude>
    <ClInclude Include="..\Engine\ResourceSystem.h">
      <Filter>resource</Filter>
    </ClInclude>
    <ClInclude Include="..\Engine\Texture.h">
      <Filter>resource</Filter>
    </ClInclude>
    <ClInclude Include="..\Engine\sys\sys_public.h">
      <Filter>sys</Filter>
    </ClInclude>
    <ClInclude Include="..\Engine\sys\win32\win_local.h">
      <Filter>sys</Filter>
    </ClInclude>
    <ClInclude Include="..\Engine\Camera.h">
      <Filter>头文件</Filter>
    </ClInclude>
    <ClInclude Include="..\Engine\DrawVert.h">
      <Filter>头文件</Filter>
    </ClInclude>
    <ClInclude Include="..\Engine\Game.h">
      <Filter>头文件</Filter>
    </ClInclude>
    <ClInclude Include="..\Engine\MeshLoader3DS.h">
      <Filter>头文件</Filter>
    </ClInclude>
    <ClInclude Include="..\Engine\ShaderSource.h">
      <Filter>头文件</Filter>
    </ClInclude>
    <ClInclude Include="..\Engine\ShadowVolume.h">
      <Filter>头文件</Filter>
    </ClInclude>
    <ClInclude Include="..\Media\KnightModel.h">
      <Filter>头文件</Filter>
    </ClInclude>
    <ClInclude Include="..\Engine\common\vec4.h">
      <Filter>common</Filter>
    </ClInclude>
    <ClInclude Include="..\Engine\common\Plane.h">
      <Filter>common</Filter>
    </ClInclude>
    <ClInclude Include="..\Engine\common\aabb3d.h">
      <Filter>common</Filter>
    </ClInclude>
    <ClInclude Include="..\Engine\ImageLoader.h">
      <Filter>resource</Filter>
    </ClInclude>
    <ClInclude Include="..\Engine\Model_lwo.h">
      <Filter>resource</Filter>
    </ClInclude>
    <ClInclude Include="..\Engine\common\Math.h">
      <Filter>common</Filter>
    </ClInclude>
    <ClInclude Include="..\Engine\common\idlib.h">
      <Filter>common</Filter>
    </ClInclude>
    <ClInclude Include="..\Engine\File.h">
      <Filter>common</Filter>
    </ClInclude>
    <ClInclude Include="..\Engine\common\hashtable.h">
      <Filter>common</Filter>
    </ClInclude>
    <ClInclude Include="..\Engine\Interaction.h">
      <Filter>头文件</Filter>
    </ClInclude>
    <ClInclude Include="..\Engine\Light.h">
      <Filter>头文件</Filter>
    </ClInclude>
    <ClInclude Include="..\Engine\Material.h">
      <Filter>头文件</Filter>
    </ClInclude>
    <ClInclude Include="..\Engine\common\Heap.h">
      <Filter>common</Filter>
    </ClInclude>
    <ClInclude Include="..\Engine\MapFile.h">
      <Filter>头文件</Filter>
    </ClInclude>
    <ClInclude Include="..\Engine\Mesh.h">
      <Filter>resource</Filter>
    </ClInclude>
    <ClInclude Include="..\Engine\Sprite.h">
      <Filter>renderer</Filter>
    </ClInclude>
    <ClInclude Include="..\Engine\renderer\draw_common.h">
      <Filter>renderer</Filter>
    </ClInclude>
    <ClInclude Include="..\Engine\Shader.h">
      <Filter>renderer</Filter>
    </ClInclude>
    <ClInclude Include="..\Engine\Model.h">
      <Filter>renderer</Filter>
    </ClInclude>
    <ClInclude Include="..\Engine\ScriptSystem.h">
      <Filter>script</Filter>
    </ClInclude>
    <ClInclude Include="..\Engine\luautils.h">
      <Filter>script</Filter>
    </ClInclude>
    <ClInclude Include="..\Engine\Anim.h" />
    <ClInclude Include="..\Engine\Shape.h">
      <Filter>renderer</Filter>
    </ClInclude>
    <ClInclude Include="..\Engine\external\zlib\crc32.h">
      <Filter>external\zlib</Filter>
    </ClInclude>
    <ClInclude Include="..\Engine\external\zlib\deflate.h">
      <Filter>external\zlib</Filter>
    </ClInclude>
    <ClInclude Include="..\Engine\external\zlib\inffast.h">
      <Filter>external\zlib</Filter>
    </ClInclude>
    <ClInclude Include="..\Engine\external\zlib\inffixed.h">
      <Filter>external\zlib</Filter>
    </ClInclude>
    <ClInclude Include="..\Engine\external\zlib\inflate.h">
      <Filter>external\zlib</Filter>
    </ClInclude>
    <ClInclude Include="..\Engine\external\zlib\inftrees.h">
      <Filter>external\zlib</Filter>
    </ClInclude>
    <ClInclude Include="..\Engine\external\zlib\trees.h">
      <Filter>external\zlib</Filter>
    </ClInclude>
    <ClInclude Include="..\Engine\external\zlib\zconf.h">
      <Filter>external\zlib</Filter>
    </ClInclude>
    <ClInclude Include="..\Engine\external\zlib\zlib.h">
      <Filter>external\zlib</Filter>
    </ClInclude>
    <ClInclude Include="..\Engine\external\zlib\zutil.h">
      <Filter>external\zlib</Filter>
    </ClInclude>
    <ClInclude Include="..\Engine\external\jpeglib\cderror.h">
      <Filter>external\libjpeg</Filter>
    </ClInclude>
    <ClInclude Include="..\Engine\external\jpeglib\jconfig.h">
      <Filter>external\libjpeg</Filter>
    </ClInclude>
    <ClInclude Include="..\Engine\external\jpeglib\jdct.h">
      <Filter>external\libjpeg</Filter>
    </ClInclude>
    <ClInclude Include="..\Engine\external\jpeglib\jerror.h">
      <Filter>external\libjpeg</Filter>
    </ClInclude>
    <ClInclude Include="..\Engine\external\jpeglib\jinclude.h">
      <Filter>external\libjpeg</Filter>
    </ClInclude>
    <ClInclude Include="..\Engine\external\jpeglib\jmemsys.h">
      <Filter>external\libjpeg</Filter>
    </ClInclude>
    <ClInclude Include="..\Engine\external\jpeglib\jmorecfg.h">
      <Filter>external\libjpeg</Filter>
    </ClInclude>
    <ClInclude Include="..\Engine\external\jpeglib\jpegint.h">
      <Filter>external\libjpeg</Filter>
    </ClInclude>
    <ClInclude Include="..\Engine\external\jpeglib\jpeglib.h">
      <Filter>external\libjpeg</Filter>
    </ClInclude>
    <ClInclude Include="..\Engine\external\jpeglib\jversion.h">
      <Filter>external\libjpeg</Filter>
    </ClInclude>
    <ClInclude Include="..\Engine\external\lua\lzio.h">
      <Filter>external\lua</Filter>
    </ClInclude>
    <ClInclude Include="..\Engine\external\lua\lapi.h">
      <Filter>external\lua</Filter>
    </ClInclude>
    <ClInclude Include="..\Engine\external\lua\lauxlib.h">
      <Filter>external\lua</Filter>
    </ClInclude>
    <ClInclude Include="..\Engine\external\lua\lcode.h">
      <Filter>external\lua</Filter>
    </ClInclude>
    <ClInclude Include="..\Engine\external\lua\ldebug.h">
      <Filter>external\lua</Filter>
    </ClInclude>
    <ClInclude Include="..\Engine\external\lua\ldo.h">
      <Filter>external\lua</Filter>
    </ClInclude>
    <ClInclude Include="..\Engine\external\lua\lfunc.h">
      <Filter>external\lua</Filter>
    </ClInclude>
    <ClInclude Include="..\Engine\external\lua\lgc.h">
      <Filter>external\lua</Filter>
    </ClInclude>
    <ClInclude Include="..\Engine\external\lua\llex.h">
      <Filter>external\lua</Filter>
    </ClInclude>
    <ClInclude Include="..\Engine\external\lua\llimits.h">
      <Filter>external\lua</Filter>
    </ClInclude>
    <ClInclude Include="..\Engine\external\lua\lmem.h">
      <Filter>external\lua</Filter>
    </ClInclude>
    <ClInclude Include="..\Engine\external\lua\lobject.h">
      <Filter>external\lua</Filter>
    </ClInclude>
    <ClInclude Include="..\Engine\external\lua\lopcodes.h">
      <Filter>external\lua</Filter>
    </ClInclude>
    <ClInclude Include="..\Engine\external\lua\lparser.h">
      <Filter>external\lua</Filter>
    </ClInclude>
    <ClInclude Include="..\Engine\external\lua\lstate.h">
      <Filter>external\lua</Filter>
    </ClInclude>
    <ClInclude Include="..\Engine\external\lua\lstring.h">
      <Filter>external\lua</Filter>
    </ClInclude>
    <ClInclude Include="..\Engine\external\lua\ltable.h">
      <Filter>external\lua</Filter>
    </ClInclude>
    <ClInclude Include="..\Engine\external\lua\ltm.h">
      <Filter>external\lua</Filter>
    </ClInclude>
    <ClInclude Include="..\Engine\external\lua\lua.h">
      <Filter>external\lua</Filter>
    </ClInclude>
    <ClInclude Include="..\Engine\external\lua\luaconf.h">
      <Filter>external\lua</Filter>
    </ClInclude>
    <ClInclude Include="..\Engine\external\lua\lualib.h">
      <Filter>external\lua</Filter>
    </ClInclude>
    <ClInclude Include="..\Engine\external\lua\lundump.h">
      <Filter>external\lua</Filter>
    </ClInclude>
    <ClInclude Include="..\Engine\external\lua\lvm.h">
      <Filter>external\lua</Filter>
    </ClInclude>
    <ClInclude Include="..\Engine\external\libpng\png.h">
      <Filter>external\libpng</Filter>
    </ClInclude>
    <ClInclude Include="..\Engine\external\libpng\pngconf.h">
      <Filter>external\libpng</Filter>
    </ClInclude>
    <ClInclude Include="..\Engine\common\Token.h">
      <Filter>common</Filter>
    </ClInclude>
    <ClInclude Include="..\Engine\common\Lexer.h">
      <Filter>common</Filter>
    </ClInclude>
    <ClInclude Include="..\Engine\common\Parser.h">
      <Filter>common</Filter>
    </ClInclude>
  </ItemGroup>
</Project>