<?xml version="1.0" encoding="utf-8"?>
<Project ToolsVersion="4.0" xmlns="http://schemas.microsoft.com/developer/msbuild/2003">
  <ItemGroup>
    <Filter Include="资源文件">
      <UniqueIdentifier>{67DA6AB6-F800-4c08-8B7A-83BB121AAD01}</UniqueIdentifier>
      <Extensions>rc;ico;cur;bmp;dlg;rc2;rct;bin;rgs;gif;jpg;jpeg;jpe;resx;tiff;tif;png;wav;mfcribbon-ms</Extensions>
    </Filter>
    <Filter Include="common">
      <UniqueIdentifier>{d88e481f-7fdd-41bb-9909-877199bed60c}</UniqueIdentifier>
    </Filter>
    <Filter Include="framework">
      <UniqueIdentifier>{1deadeae-b031-40b2-aa4b-1d9dc73f9af2}</UniqueIdentifier>
    </Filter>
    <Filter Include="libjpeg">
      <UniqueIdentifier>{5c261911-8354-420e-89ad-0d0ddce32271}</UniqueIdentifier>
    </Filter>
    <Filter Include="libpng">
      <UniqueIdentifier>{e110f520-fc92-404f-b065-4859816d6c52}</UniqueIdentifier>
    </Filter>
    <Filter Include="renderer">
      <UniqueIdentifier>{f7044928-a8d5-45b3-99a9-a897f717b201}</UniqueIdentifier>
    </Filter>
    <Filter Include="resource">
      <UniqueIdentifier>{1024b3f6-527e-49d6-b34b-64455dc61005}</UniqueIdentifier>
    </Filter>
    <Filter Include="ui">
      <UniqueIdentifier>{6dea7800-bd1d-44ff-ba0c-a2a97b84dcba}</UniqueIdentifier>
    </Filter>
    <Filter Include="sys">
      <UniqueIdentifier>{29bfbb7b-04ac-429c-a633-83435516451c}</UniqueIdentifier>
    </Filter>
    <Filter Include="zlib">
      <UniqueIdentifier>{416383ac-b15f-4803-aa3d-860adbb4812c}</UniqueIdentifier>
    </Filter>
    <Filter Include="头文件">
      <UniqueIdentifier>{c009582d-28f2-4970-9dfc-cb4d0f2d99ee}</UniqueIdentifier>
    </Filter>
    <Filter Include="源文件">
      <UniqueIdentifier>{4bc43604-2c62-4dd9-89b6-92796b8f17da}</UniqueIdentifier>
    </Filter>
    <Filter Include="complier">
      <UniqueIdentifier>{ffda58b7-fe9b-413f-a3f9-c4f395c35e5c}</UniqueIdentifier>
    </Filter>
    <Filter Include="lua">
      <UniqueIdentifier>{a8d0bcd7-9093-4de8-b540-1ec814b16f62}</UniqueIdentifier>
    </Filter>
    <Filter Include="tolua">
      <UniqueIdentifier>{39bc0040-9b95-4703-b66e-073a47d2412e}</UniqueIdentifier>
    </Filter>
  </ItemGroup>
  <ItemGroup>
    <ClCompile Include="..\Engine\common\Joint.cpp">
      <Filter>common</Filter>
    </ClCompile>
    <ClCompile Include="..\Engine\common\mat4.cpp">
      <Filter>common</Filter>
    </ClCompile>
    <ClCompile Include="..\Engine\common\quat.cpp">
      <Filter>common</Filter>
    </ClCompile>
    <ClCompile Include="..\Engine\common\str.cpp">
      <Filter>common</Filter>
    </ClCompile>
    <ClCompile Include="..\Engine\common\Timer.cpp">
      <Filter>common</Filter>
    </ClCompile>
    <ClCompile Include="..\Engine\common\vec2.cpp">
      <Filter>common</Filter>
    </ClCompile>
    <ClCompile Include="..\Engine\framework\Common.cpp">
      <Filter>framework</Filter>
    </ClCompile>
    <ClCompile Include="..\Engine\jpeglib\jaricom.c">
      <Filter>libjpeg</Filter>
    </ClCompile>
    <ClCompile Include="..\Engine\jpeglib\jcapimin.c">
      <Filter>libjpeg</Filter>
    </ClCompile>
    <ClCompile Include="..\Engine\jpeglib\jcapistd.c">
      <Filter>libjpeg</Filter>
    </ClCompile>
    <ClCompile Include="..\Engine\jpeglib\jcarith.c">
      <Filter>libjpeg</Filter>
    </ClCompile>
    <ClCompile Include="..\Engine\jpeglib\jccoefct.c">
      <Filter>libjpeg</Filter>
    </ClCompile>
    <ClCompile Include="..\Engine\jpeglib\jccolor.c">
      <Filter>libjpeg</Filter>
    </ClCompile>
    <ClCompile Include="..\Engine\jpeglib\jcdctmgr.c">
      <Filter>libjpeg</Filter>
    </ClCompile>
    <ClCompile Include="..\Engine\jpeglib\jchuff.c">
      <Filter>libjpeg</Filter>
    </ClCompile>
    <ClCompile Include="..\Engine\jpeglib\jcinit.c">
      <Filter>libjpeg</Filter>
    </ClCompile>
    <ClCompile Include="..\Engine\jpeglib\jcmainct.c">
      <Filter>libjpeg</Filter>
    </ClCompile>
    <ClCompile Include="..\Engine\jpeglib\jcmarker.c">
      <Filter>libjpeg</Filter>
    </ClCompile>
    <ClCompile Include="..\Engine\jpeglib\jcmaster.c">
      <Filter>libjpeg</Filter>
    </ClCompile>
    <ClCompile Include="..\Engine\jpeglib\jcomapi.c">
      <Filter>libjpeg</Filter>
    </ClCompile>
    <ClCompile Include="..\Engine\jpeglib\jcparam.c">
      <Filter>libjpeg</Filter>
    </ClCompile>
    <ClCompile Include="..\Engine\jpeglib\jcprepct.c">
      <Filter>libjpeg</Filter>
    </ClCompile>
    <ClCompile Include="..\Engine\jpeglib\jcsample.c">
      <Filter>libjpeg</Filter>
    </ClCompile>
    <ClCompile Include="..\Engine\jpeglib\jctrans.c">
      <Filter>libjpeg</Filter>
    </ClCompile>
    <ClCompile Include="..\Engine\jpeglib\jdapimin.c">
      <Filter>libjpeg</Filter>
    </ClCompile>
    <ClCompile Include="..\Engine\jpeglib\jdapistd.c">
      <Filter>libjpeg</Filter>
    </ClCompile>
    <ClCompile Include="..\Engine\jpeglib\jdarith.c">
      <Filter>libjpeg</Filter>
    </ClCompile>
    <ClCompile Include="..\Engine\jpeglib\jdatadst.c">
      <Filter>libjpeg</Filter>
    </ClCompile>
    <ClCompile Include="..\Engine\jpeglib\jdatasrc.c">
      <Filter>libjpeg</Filter>
    </ClCompile>
    <ClCompile Include="..\Engine\jpeglib\jdcoefct.c">
      <Filter>libjpeg</Filter>
    </ClCompile>
    <ClCompile Include="..\Engine\jpeglib\jdcolor.c">
      <Filter>libjpeg</Filter>
    </ClCompile>
    <ClCompile Include="..\Engine\jpeglib\jddctmgr.c">
      <Filter>libjpeg</Filter>
    </ClCompile>
    <ClCompile Include="..\Engine\jpeglib\jdhuff.c">
      <Filter>libjpeg</Filter>
    </ClCompile>
    <ClCompile Include="..\Engine\jpeglib\jdinput.c">
      <Filter>libjpeg</Filter>
    </ClCompile>
    <ClCompile Include="..\Engine\jpeglib\jdmainct.c">
      <Filter>libjpeg</Filter>
    </ClCompile>
    <ClCompile Include="..\Engine\jpeglib\jdmarker.c">
      <Filter>libjpeg</Filter>
    </ClCompile>
    <ClCompile Include="..\Engine\jpeglib\jdmaster.c">
      <Filter>libjpeg</Filter>
    </ClCompile>
    <ClCompile Include="..\Engine\jpeglib\jdmerge.c">
      <Filter>libjpeg</Filter>
    </ClCompile>
    <ClCompile Include="..\Engine\jpeglib\jdpostct.c">
      <Filter>libjpeg</Filter>
    </ClCompile>
    <ClCompile Include="..\Engine\jpeglib\jdsample.c">
      <Filter>libjpeg</Filter>
    </ClCompile>
    <ClCompile Include="..\Engine\jpeglib\jdtrans.c">
      <Filter>libjpeg</Filter>
    </ClCompile>
    <ClCompile Include="..\Engine\jpeglib\jerror.c">
      <Filter>libjpeg</Filter>
    </ClCompile>
    <ClCompile Include="..\Engine\jpeglib\jfdctflt.c">
      <Filter>libjpeg</Filter>
    </ClCompile>
    <ClCompile Include="..\Engine\jpeglib\jfdctfst.c">
      <Filter>libjpeg</Filter>
    </ClCompile>
    <ClCompile Include="..\Engine\jpeglib\jfdctint.c">
      <Filter>libjpeg</Filter>
    </ClCompile>
    <ClCompile Include="..\Engine\jpeglib\jidctflt.c">
      <Filter>libjpeg</Filter>
    </ClCompile>
    <ClCompile Include="..\Engine\jpeglib\jidctfst.c">
      <Filter>libjpeg</Filter>
    </ClCompile>
    <ClCompile Include="..\Engine\jpeglib\jidctint.c">
      <Filter>libjpeg</Filter>
    </ClCompile>
    <ClCompile Include="..\Engine\jpeglib\jmemansi.c">
      <Filter>libjpeg</Filter>
    </ClCompile>
    <ClCompile Include="..\Engine\jpeglib\jmemmgr.c">
      <Filter>libjpeg</Filter>
    </ClCompile>
    <ClCompile Include="..\Engine\jpeglib\jquant1.c">
      <Filter>libjpeg</Filter>
    </ClCompile>
    <ClCompile Include="..\Engine\jpeglib\jquant2.c">
      <Filter>libjpeg</Filter>
    </ClCompile>
    <ClCompile Include="..\Engine\jpeglib\jutils.c">
      <Filter>libjpeg</Filter>
    </ClCompile>
    <ClCompile Include="..\Engine\libpng\png.c">
      <Filter>libpng</Filter>
    </ClCompile>
    <ClCompile Include="..\Engine\libpng\pngerror.c">
      <Filter>libpng</Filter>
    </ClCompile>
    <ClCompile Include="..\Engine\libpng\pngget.c">
      <Filter>libpng</Filter>
    </ClCompile>
    <ClCompile Include="..\Engine\libpng\pngmem.c">
      <Filter>libpng</Filter>
    </ClCompile>
    <ClCompile Include="..\Engine\libpng\pngpread.c">
      <Filter>libpng</Filter>
    </ClCompile>
    <ClCompile Include="..\Engine\libpng\pngread.c">
      <Filter>libpng</Filter>
    </ClCompile>
    <ClCompile Include="..\Engine\libpng\pngrio.c">
      <Filter>libpng</Filter>
    </ClCompile>
    <ClCompile Include="..\Engine\libpng\pngrtran.c">
      <Filter>libpng</Filter>
    </ClCompile>
    <ClCompile Include="..\Engine\libpng\pngrutil.c">
      <Filter>libpng</Filter>
    </ClCompile>
    <ClCompile Include="..\Engine\libpng\pngset.c">
      <Filter>libpng</Filter>
    </ClCompile>
    <ClCompile Include="..\Engine\libpng\pngtrans.c">
      <Filter>libpng</Filter>
    </ClCompile>
    <ClCompile Include="..\Engine\libpng\pngwio.c">
      <Filter>libpng</Filter>
    </ClCompile>
    <ClCompile Include="..\Engine\libpng\pngwrite.c">
      <Filter>libpng</Filter>
    </ClCompile>
    <ClCompile Include="..\Engine\libpng\pngwtran.c">
      <Filter>libpng</Filter>
    </ClCompile>
    <ClCompile Include="..\Engine\libpng\pngwutil.c">
      <Filter>libpng</Filter>
    </ClCompile>
    <ClCompile Include="..\Engine\glutils.cpp">
      <Filter>renderer</Filter>
    </ClCompile>
    <ClCompile Include="..\Engine\r_public.cpp">
      <Filter>renderer</Filter>
    </ClCompile>
    <ClCompile Include="..\Engine\renderer\RenderSystem.cpp">
      <Filter>renderer</Filter>
    </ClCompile>
    <ClCompile Include="..\Engine\Image.cpp">
      <Filter>resource</Filter>
    </ClCompile>
    <ClCompile Include="..\Engine\ImageLoaderBMP.cpp">
      <Filter>resource</Filter>
    </ClCompile>
    <ClCompile Include="..\Engine\ImageLoaderDDS.cpp">
      <Filter>resource</Filter>
    </ClCompile>
    <ClCompile Include="..\Engine\ImageLoaderJPG.cpp">
      <Filter>resource</Filter>
    </ClCompile>
    <ClCompile Include="..\Engine\ImageLoaderPNG.cpp">
      <Filter>resource</Filter>
    </ClCompile>
    <ClCompile Include="..\Engine\Mesh.cpp">
      <Filter>resource</Filter>
    </ClCompile>
    <ClCompile Include="..\Engine\MeshLoader3DS.cpp">
      <Filter>resource</Filter>
    </ClCompile>
    <ClCompile Include="..\Engine\MeshLoaderB3D.cpp">
      <Filter>resource</Filter>
    </ClCompile>
    <ClCompile Include="..\Engine\ResourceSystem.cpp">
      <Filter>resource</Filter>
    </ClCompile>
    <ClCompile Include="..\Engine\Texture.cpp">
      <Filter>resource</Filter>
    </ClCompile>
    <ClCompile Include="..\Engine\sys\win32\win_glutilsimp.cpp">
      <Filter>sys</Filter>
    </ClCompile>
    <ClCompile Include="..\Engine\sys\win32\win_shared.cpp">
      <Filter>sys</Filter>
    </ClCompile>
    <ClCompile Include="..\Engine\sys\win32\win_syscon.cpp">
      <Filter>sys</Filter>
    </ClCompile>
    <ClCompile Include="..\Engine\sys\win32\win_wndproc.cpp">
      <Filter>sys</Filter>
    </ClCompile>
    <ClCompile Include="..\Engine\zlib\adler32.c">
      <Filter>zlib</Filter>
    </ClCompile>
    <ClCompile Include="..\Engine\zlib\compress.c">
      <Filter>zlib</Filter>
    </ClCompile>
    <ClCompile Include="..\Engine\zlib\crc32.c">
      <Filter>zlib</Filter>
    </ClCompile>
    <ClCompile Include="..\Engine\zlib\deflate.c">
      <Filter>zlib</Filter>
    </ClCompile>
    <ClCompile Include="..\Engine\zlib\infback.c">
      <Filter>zlib</Filter>
    </ClCompile>
    <ClCompile Include="..\Engine\zlib\inffast.c">
      <Filter>zlib</Filter>
    </ClCompile>
    <ClCompile Include="..\Engine\zlib\inflate.c">
      <Filter>zlib</Filter>
    </ClCompile>
    <ClCompile Include="..\Engine\zlib\inftrees.c">
      <Filter>zlib</Filter>
    </ClCompile>
    <ClCompile Include="..\Engine\zlib\trees.c">
      <Filter>zlib</Filter>
    </ClCompile>
    <ClCompile Include="..\Engine\zlib\uncompr.c">
      <Filter>zlib</Filter>
    </ClCompile>
    <ClCompile Include="..\Engine\zlib\zutil.c">
      <Filter>zlib</Filter>
    </ClCompile>
    <ClCompile Include="..\Engine\Camera.cpp">
      <Filter>源文件</Filter>
    </ClCompile>
    <ClCompile Include="..\Engine\Model.cpp">
      <Filter>源文件</Filter>
    </ClCompile>
    <ClCompile Include="..\Engine\renderer\draw_common.cpp">
      <Filter>源文件</Filter>
    </ClCompile>
    <ClCompile Include="..\Engine\Shader.cpp">
      <Filter>源文件</Filter>
    </ClCompile>
    <ClCompile Include="..\Engine\ShadowVolume.cpp">
      <Filter>源文件</Filter>
    </ClCompile>
    <ClCompile Include="..\Engine\Sprite.cpp">
      <Filter>源文件</Filter>
    </ClCompile>
    <ClCompile Include="..\Media\KnightModel.cpp">
      <Filter>源文件</Filter>
    </ClCompile>
    <ClCompile Include="..\Engine\Light.cpp" />
    <ClCompile Include="..\Engine\Interaction.cpp" />
    <ClCompile Include="..\Engine\common\Plane.cpp">
      <Filter>common</Filter>
    </ClCompile>
    <ClCompile Include="..\Engine\tr_trisurf.cpp" />
    <ClCompile Include="..\Engine\common\aabb3d.cpp">
      <Filter>common</Filter>
    </ClCompile>
    <ClCompile Include="..\Engine\ImageLoaderTGA.cpp">
      <Filter>resource</Filter>
    </ClCompile>
    <ClCompile Include="..\Engine\Model_lwo.cpp">
      <Filter>resource</Filter>
    </ClCompile>
    <ClCompile Include="..\Engine\common\Heap.cpp">
      <Filter>common</Filter>
    </ClCompile>
    <ClCompile Include="..\Engine\common\Math.cpp">
      <Filter>common</Filter>
    </ClCompile>
    <ClCompile Include="..\Engine\Token.cpp">
      <Filter>complier</Filter>
    </ClCompile>
    <ClCompile Include="..\Engine\Parser.cpp">
      <Filter>complier</Filter>
    </ClCompile>
    <ClCompile Include="..\Engine\Lexer.cpp">
      <Filter>complier</Filter>
    </ClCompile>
    <ClCompile Include="..\Engine\Material.cpp" />
    <ClCompile Include="..\Engine\renderer\r_draw.cpp">
      <Filter>源文件</Filter>
    </ClCompile>
    <ClCompile Include="..\Engine\common\hashtable.cpp" />
    <ClCompile Include="..\Engine\lua\lua\lapi.c">
      <Filter>lua</Filter>
    </ClCompile>
    <ClCompile Include="..\Engine\lua\lua\lauxlib.c">
      <Filter>lua</Filter>
    </ClCompile>
    <ClCompile Include="..\Engine\lua\lua\lbaselib.c">
      <Filter>lua</Filter>
    </ClCompile>
    <ClCompile Include="..\Engine\lua\lua\lcode.c">
      <Filter>lua</Filter>
    </ClCompile>
    <ClCompile Include="..\Engine\lua\lua\ldblib.c">
      <Filter>lua</Filter>
    </ClCompile>
    <ClCompile Include="..\Engine\lua\lua\ldebug.c">
      <Filter>lua</Filter>
    </ClCompile>
    <ClCompile Include="..\Engine\lua\lua\ldo.c">
      <Filter>lua</Filter>
    </ClCompile>
    <ClCompile Include="..\Engine\lua\lua\ldump.c">
      <Filter>lua</Filter>
    </ClCompile>
    <ClCompile Include="..\Engine\lua\lua\lfunc.c">
      <Filter>lua</Filter>
    </ClCompile>
    <ClCompile Include="..\Engine\lua\lua\lgc.c">
      <Filter>lua</Filter>
    </ClCompile>
    <ClCompile Include="..\Engine\lua\lua\linit.c">
      <Filter>lua</Filter>
    </ClCompile>
    <ClCompile Include="..\Engine\lua\lua\liolib.c">
      <Filter>lua</Filter>
    </ClCompile>
    <ClCompile Include="..\Engine\lua\lua\llex.c">
      <Filter>lua</Filter>
    </ClCompile>
    <ClCompile Include="..\Engine\lua\lua\lmathlib.c">
      <Filter>lua</Filter>
    </ClCompile>
    <ClCompile Include="..\Engine\lua\lua\lmem.c">
      <Filter>lua</Filter>
    </ClCompile>
    <ClCompile Include="..\Engine\lua\lua\loadlib.c">
      <Filter>lua</Filter>
    </ClCompile>
    <ClCompile Include="..\Engine\lua\lua\lobject.c">
      <Filter>lua</Filter>
    </ClCompile>
    <ClCompile Include="..\Engine\lua\lua\lopcodes.c">
      <Filter>lua</Filter>
    </ClCompile>
    <ClCompile Include="..\Engine\lua\lua\loslib.c">
      <Filter>lua</Filter>
    </ClCompile>
    <ClCompile Include="..\Engine\lua\lua\lparser.c">
      <Filter>lua</Filter>
    </ClCompile>
    <ClCompile Include="..\Engine\lua\lua\lstate.c">
      <Filter>lua</Filter>
    </ClCompile>
    <ClCompile Include="..\Engine\lua\lua\lstring.c">
      <Filter>lua</Filter>
    </ClCompile>
    <ClCompile Include="..\Engine\lua\lua\lstrlib.c">
      <Filter>lua</Filter>
    </ClCompile>
    <ClCompile Include="..\Engine\lua\lua\ltable.c">
      <Filter>lua</Filter>
    </ClCompile>
    <ClCompile Include="..\Engine\lua\lua\ltablib.c">
      <Filter>lua</Filter>
    </ClCompile>
    <ClCompile Include="..\Engine\lua\lua\ltm.c">
      <Filter>lua</Filter>
    </ClCompile>
    <ClCompile Include="..\Engine\lua\lua\lua.c">
      <Filter>lua</Filter>
    </ClCompile>
    <ClCompile Include="..\Engine\lua\lua\lundump.c">
      <Filter>lua</Filter>
    </ClCompile>
    <ClCompile Include="..\Engine\lua\lua\lvm.c">
      <Filter>lua</Filter>
    </ClCompile>
    <ClCompile Include="..\Engine\lua\lua\lzio.c">
      <Filter>lua</Filter>
    </ClCompile>
    <ClCompile Include="..\Engine\lua\lua\print.c">
      <Filter>lua</Filter>
    </ClCompile>
    <ClCompile Include="..\Engine\File.cpp">
      <Filter>common</Filter>
    </ClCompile>
    <ClCompile Include="..\Engine\ScriptSystem.cpp" />
    <ClCompile Include="..\Engine\lua\tolua\tolua_event.c">
      <Filter>tolua</Filter>
    </ClCompile>
    <ClCompile Include="..\Engine\lua\tolua\tolua_is.c">
      <Filter>tolua</Filter>
    </ClCompile>
    <ClCompile Include="..\Engine\lua\tolua\tolua_map.c">
      <Filter>tolua</Filter>
    </ClCompile>
    <ClCompile Include="..\Engine\lua\tolua\tolua_push.c">
      <Filter>tolua</Filter>
    </ClCompile>
    <ClCompile Include="..\Engine\lua\tolua\tolua_to.c">
      <Filter>tolua</Filter>
    </ClCompile>
    <ClCompile Include="..\Engine\lua_engine_auto.cpp" />
  </ItemGroup>
  <ItemGroup>
    <ClInclude Include="..\Engine\color4.h">
      <Filter>common</Filter>
    </ClInclude>
    <ClInclude Include="..\Engine\common\array.h">
      <Filter>common</Filter>
    </ClInclude>
    <ClInclude Include="..\Engine\common\Joint.h">
      <Filter>common</Filter>
    </ClInclude>
    <ClInclude Include="..\Engine\common\List.h">
      <Filter>common</Filter>
    </ClInclude>
    <ClInclude Include="..\Engine\common\mat4.h">
      <Filter>common</Filter>
    </ClInclude>
    <ClInclude Include="..\Engine\common\mat4helper.h">
      <Filter>common</Filter>
    </ClInclude>
    <ClInclude Include="..\Engine\common\precompiled.h">
      <Filter>common</Filter>
    </ClInclude>
    <ClInclude Include="..\Engine\common\quat.h">
      <Filter>common</Filter>
    </ClInclude>
    <ClInclude Include="..\Engine\common\str.h">
      <Filter>common</Filter>
    </ClInclude>
    <ClInclude Include="..\Engine\common\Timer.h">
      <Filter>common</Filter>
    </ClInclude>
    <ClInclude Include="..\Engine\common\vec2.h">
      <Filter>common</Filter>
    </ClInclude>
    <ClInclude Include="..\Engine\common\vec3.h">
      <Filter>common</Filter>
    </ClInclude>
    <ClInclude Include="..\Engine\framework\Common.h">
      <Filter>framework</Filter>
    </ClInclude>
    <ClInclude Include="..\Engine\framework\KeyInput.h">
      <Filter>framework</Filter>
    </ClInclude>
    <ClInclude Include="..\Engine\jpeglib\cderror.h">
      <Filter>libjpeg</Filter>
    </ClInclude>
    <ClInclude Include="..\Engine\jpeglib\jconfig.h">
      <Filter>libjpeg</Filter>
    </ClInclude>
    <ClInclude Include="..\Engine\jpeglib\jdct.h">
      <Filter>libjpeg</Filter>
    </ClInclude>
    <ClInclude Include="..\Engine\jpeglib\jerror.h">
      <Filter>libjpeg</Filter>
    </ClInclude>
    <ClInclude Include="..\Engine\jpeglib\jinclude.h">
      <Filter>libjpeg</Filter>
    </ClInclude>
    <ClInclude Include="..\Engine\jpeglib\jmemsys.h">
      <Filter>libjpeg</Filter>
    </ClInclude>
    <ClInclude Include="..\Engine\jpeglib\jmorecfg.h">
      <Filter>libjpeg</Filter>
    </ClInclude>
    <ClInclude Include="..\Engine\jpeglib\jpegint.h">
      <Filter>libjpeg</Filter>
    </ClInclude>
    <ClInclude Include="..\Engine\jpeglib\jpeglib.h">
      <Filter>libjpeg</Filter>
    </ClInclude>
    <ClInclude Include="..\Engine\jpeglib\jversion.h">
      <Filter>libjpeg</Filter>
    </ClInclude>
    <ClInclude Include="..\Engine\libpng\png.h">
      <Filter>libpng</Filter>
    </ClInclude>
    <ClInclude Include="..\Engine\libpng\pngconf.h">
      <Filter>libpng</Filter>
    </ClInclude>
    <ClInclude Include="..\Engine\glutils.h">
      <Filter>renderer</Filter>
    </ClInclude>
    <ClInclude Include="..\Engine\r_public.h">
      <Filter>renderer</Filter>
    </ClInclude>
    <ClInclude Include="..\Engine\renderer\RenderSystem.h">
      <Filter>renderer</Filter>
    </ClInclude>
    <ClInclude Include="..\Engine\Image.h">
      <Filter>resource</Filter>
    </ClInclude>
    <ClInclude Include="..\Engine\Mesh.h">
      <Filter>resource</Filter>
    </ClInclude>
    <ClInclude Include="..\Engine\MeshLoaderB3D.h">
      <Filter>resource</Filter>
    </ClInclude>
    <ClInclude Include="..\Engine\ResourceSystem.h">
      <Filter>resource</Filter>
    </ClInclude>
    <ClInclude Include="..\Engine\Texture.h">
      <Filter>resource</Filter>
    </ClInclude>
    <ClInclude Include="..\Engine\sys\sys_public.h">
      <Filter>sys</Filter>
    </ClInclude>
    <ClInclude Include="..\Engine\sys\win32\win_local.h">
      <Filter>sys</Filter>
    </ClInclude>
    <ClInclude Include="..\Engine\zlib\crc32.h">
      <Filter>zlib</Filter>
    </ClInclude>
    <ClInclude Include="..\Engine\zlib\deflate.h">
      <Filter>zlib</Filter>
    </ClInclude>
    <ClInclude Include="..\Engine\zlib\inffast.h">
      <Filter>zlib</Filter>
    </ClInclude>
    <ClInclude Include="..\Engine\zlib\inffixed.h">
      <Filter>zlib</Filter>
    </ClInclude>
    <ClInclude Include="..\Engine\zlib\inflate.h">
      <Filter>zlib</Filter>
    </ClInclude>
    <ClInclude Include="..\Engine\zlib\inftrees.h">
      <Filter>zlib</Filter>
    </ClInclude>
    <ClInclude Include="..\Engine\zlib\trees.h">
      <Filter>zlib</Filter>
    </ClInclude>
    <ClInclude Include="..\Engine\zlib\zconf.h">
      <Filter>zlib</Filter>
    </ClInclude>
    <ClInclude Include="..\Engine\zlib\zlib.h">
      <Filter>zlib</Filter>
    </ClInclude>
    <ClInclude Include="..\Engine\zlib\zutil.h">
      <Filter>zlib</Filter>
    </ClInclude>
    <ClInclude Include="..\Engine\Camera.h">
      <Filter>头文件</Filter>
    </ClInclude>
    <ClInclude Include="..\Engine\DrawVert.h">
      <Filter>头文件</Filter>
    </ClInclude>
    <ClInclude Include="..\Engine\Game.h">
      <Filter>头文件</Filter>
    </ClInclude>
    <ClInclude Include="..\Engine\HashTable.h">
      <Filter>头文件</Filter>
    </ClInclude>
    <ClInclude Include="..\Engine\MeshLoader3DS.h">
      <Filter>头文件</Filter>
    </ClInclude>
    <ClInclude Include="..\Engine\Model.h">
      <Filter>头文件</Filter>
    </ClInclude>
    <ClInclude Include="..\Engine\renderer\draw_common.h">
      <Filter>头文件</Filter>
    </ClInclude>
    <ClInclude Include="..\Engine\Shader.h">
      <Filter>头文件</Filter>
    </ClInclude>
    <ClInclude Include="..\Engine\ShaderSource.h">
      <Filter>头文件</Filter>
    </ClInclude>
    <ClInclude Include="..\Engine\ShadowVolume.h">
      <Filter>头文件</Filter>
    </ClInclude>
    <ClInclude Include="..\Engine\Sprite.h">
      <Filter>头文件</Filter>
    </ClInclude>
    <ClInclude Include="..\Media\KnightModel.h">
      <Filter>头文件</Filter>
    </ClInclude>
    <ClInclude Include="..\Engine\Light.h" />
    <ClInclude Include="..\Engine\common\vec4.h">
      <Filter>common</Filter>
    </ClInclude>
    <ClInclude Include="..\Engine\Interaction.h" />
    <ClInclude Include="..\Engine\common\Plane.h">
      <Filter>common</Filter>
    </ClInclude>
    <ClInclude Include="..\Engine\common\aabb3d.h">
      <Filter>common</Filter>
    </ClInclude>
    <ClInclude Include="..\Engine\ImageLoader.h">
      <Filter>resource</Filter>
    </ClInclude>
    <ClInclude Include="..\Engine\Model_lwo.h">
      <Filter>resource</Filter>
    </ClInclude>
    <ClInclude Include="..\Engine\common\Heap.h">
      <Filter>common</Filter>
    </ClInclude>
    <ClInclude Include="..\Engine\common\Math.h">
      <Filter>common</Filter>
    </ClInclude>
    <ClInclude Include="..\Engine\common\idlib.h">
      <Filter>common</Filter>
    </ClInclude>
    <ClInclude Include="..\Engine\Token.h">
      <Filter>complier</Filter>
    </ClInclude>
    <ClInclude Include="..\Engine\Parser.h">
      <Filter>complier</Filter>
    </ClInclude>
    <ClInclude Include="..\Engine\Lexer.h">
      <Filter>complier</Filter>
    </ClInclude>
    <ClInclude Include="..\Engine\Material.h" />
    <ClInclude Include="..\Engine\common\hashtable.h" />
    <ClInclude Include="..\Engine\lua\lua\lapi.h">
      <Filter>lua</Filter>
    </ClInclude>
    <ClInclude Include="..\Engine\lua\lua\lauxlib.h">
      <Filter>lua</Filter>
    </ClInclude>
    <ClInclude Include="..\Engine\lua\lua\lcode.h">
      <Filter>lua</Filter>
    </ClInclude>
    <ClInclude Include="..\Engine\lua\lua\ldebug.h">
      <Filter>lua</Filter>
    </ClInclude>
    <ClInclude Include="..\Engine\lua\lua\ldo.h">
      <Filter>lua</Filter>
    </ClInclude>
    <ClInclude Include="..\Engine\lua\lua\lfunc.h">
      <Filter>lua</Filter>
    </ClInclude>
    <ClInclude Include="..\Engine\lua\lua\lgc.h">
      <Filter>lua</Filter>
    </ClInclude>
    <ClInclude Include="..\Engine\lua\lua\llex.h">
      <Filter>lua</Filter>
    </ClInclude>
    <ClInclude Include="..\Engine\lua\lua\llimits.h">
      <Filter>lua</Filter>
    </ClInclude>
    <ClInclude Include="..\Engine\lua\lua\lmem.h">
      <Filter>lua</Filter>
    </ClInclude>
    <ClInclude Include="..\Engine\lua\lua\lobject.h">
      <Filter>lua</Filter>
    </ClInclude>
    <ClInclude Include="..\Engine\lua\lua\lopcodes.h">
      <Filter>lua</Filter>
    </ClInclude>
    <ClInclude Include="..\Engine\lua\lua\lparser.h">
      <Filter>lua</Filter>
    </ClInclude>
    <ClInclude Include="..\Engine\lua\lua\lstate.h">
      <Filter>lua</Filter>
    </ClInclude>
    <ClInclude Include="..\Engine\lua\lua\lstring.h">
      <Filter>lua</Filter>
    </ClInclude>
    <ClInclude Include="..\Engine\lua\lua\ltable.h">
      <Filter>lua</Filter>
    </ClInclude>
    <ClInclude Include="..\Engine\lua\lua\ltm.h">
      <Filter>lua</Filter>
    </ClInclude>
    <ClInclude Include="..\Engine\lua\lua\lua.h">
      <Filter>lua</Filter>
    </ClInclude>
    <ClInclude Include="..\Engine\lua\lua\luaconf.h">
      <Filter>lua</Filter>
    </ClInclude>
    <ClInclude Include="..\Engine\lua\lua\lualib.h">
      <Filter>lua</Filter>
    </ClInclude>
    <ClInclude Include="..\Engine\lua\lua\lundump.h">
      <Filter>lua</Filter>
    </ClInclude>
    <ClInclude Include="..\Engine\lua\lua\lvm.h">
      <Filter>lua</Filter>
    </ClInclude>
    <ClInclude Include="..\Engine\lua\lua\lzio.h">
      <Filter>lua</Filter>
    </ClInclude>
    <ClInclude Include="..\Engine\File.h">
      <Filter>common</Filter>
    </ClInclude>
    <ClInclude Include="..\Engine\ScriptSystem.h" />
    <ClInclude Include="..\Engine\lua\tolua\tolua_event.h">
      <Filter>tolua</Filter>
    </ClInclude>
    <ClInclude Include="..\Engine\lua\tolua\tolua++.h">
      <Filter>tolua</Filter>
    </ClInclude>
    <ClInclude Include="..\Engine\lua_engine_auto.h" />
  </ItemGroup>
</Project>