<?xml version="1.0" encoding="utf-8"?>
<Project ToolsVersion="4.0" xmlns="http://schemas.microsoft.com/developer/msbuild/2003">
  <ItemGroup>
    <Filter Include="源文件">
      <UniqueIdentifier>{4FC737F1-C7A5-4376-A066-2A32D752A2FF}</UniqueIdentifier>
      <Extensions>cpp;c;cc;cxx;def;odl;idl;hpj;bat;asm;asmx</Extensions>
    </Filter>
    <Filter Include="头文件">
      <UniqueIdentifier>{93995380-89BD-4b04-88EB-625FBE52EBFB}</UniqueIdentifier>
      <Extensions>h;hh;hpp;hxx;hm;inl;inc;xsd</Extensions>
    </Filter>
    <Filter Include="资源文件">
      <UniqueIdentifier>{67DA6AB6-F800-4c08-8B7A-83BB121AAD01}</UniqueIdentifier>
      <Extensions>rc;ico;cur;bmp;dlg;rc2;rct;bin;rgs;gif;jpg;jpeg;jpe;resx;tiff;tif;png;wav;mfcribbon-ms</Extensions>
    </Filter>
    <Filter Include="libpng">
      <UniqueIdentifier>{a598ef94-08f3-493b-b3c7-f9a8c0570c19}</UniqueIdentifier>
    </Filter>
    <Filter Include="libjpeg">
      <UniqueIdentifier>{bb804fb6-0b1e-4eb8-a902-5a555fe6aa88}</UniqueIdentifier>
    </Filter>
    <Filter Include="zlib">
      <UniqueIdentifier>{bf1e68ef-576f-4104-a973-325b3cd558f2}</UniqueIdentifier>
    </Filter>
    <Filter Include="common">
      <UniqueIdentifier>{fab2eb03-be29-4892-9020-48722035fe0b}</UniqueIdentifier>
    </Filter>
  </ItemGroup>
  <ItemGroup>
    <ClCompile Include="..\Engine\DrawHelper.cpp">
      <Filter>源文件</Filter>
    </ClCompile>
    <ClCompile Include="..\Engine\FileWriter.cpp">
      <Filter>源文件</Filter>
    </ClCompile>
    <ClCompile Include="..\Engine\ImageLoaderJPG.cpp">
      <Filter>源文件</Filter>
    </ClCompile>
    <ClCompile Include="..\Engine\Mesh.cpp">
      <Filter>源文件</Filter>
    </ClCompile>
    <ClCompile Include="..\Engine\MeshRender.cpp">
      <Filter>源文件</Filter>
    </ClCompile>
    <ClCompile Include="..\Engine\Pipeline.cpp">
      <Filter>源文件</Filter>
    </ClCompile>
    <ClCompile Include="..\Engine\PipelineP.cpp">
      <Filter>源文件</Filter>
    </ClCompile>
    <ClCompile Include="..\Engine\PipelinePosTexLig.cpp">
      <Filter>源文件</Filter>
    </ClCompile>
    <ClCompile Include="..\Engine\PipelinePT.cpp">
      <Filter>源文件</Filter>
    </ClCompile>
    <ClCompile Include="..\Engine\SkinnedMesh.cpp">
      <Filter>源文件</Filter>
    </ClCompile>
    <ClCompile Include="..\Engine\jpeglib\jaricom.c">
      <Filter>libjpeg</Filter>
    </ClCompile>
    <ClCompile Include="..\Engine\jpeglib\jcapimin.c">
      <Filter>libjpeg</Filter>
    </ClCompile>
    <ClCompile Include="..\Engine\jpeglib\jcapistd.c">
      <Filter>libjpeg</Filter>
    </ClCompile>
    <ClCompile Include="..\Engine\jpeglib\jcarith.c">
      <Filter>libjpeg</Filter>
    </ClCompile>
    <ClCompile Include="..\Engine\jpeglib\jccoefct.c">
      <Filter>libjpeg</Filter>
    </ClCompile>
    <ClCompile Include="..\Engine\jpeglib\jccolor.c">
      <Filter>libjpeg</Filter>
    </ClCompile>
    <ClCompile Include="..\Engine\jpeglib\jcdctmgr.c">
      <Filter>libjpeg</Filter>
    </ClCompile>
    <ClCompile Include="..\Engine\jpeglib\jchuff.c">
      <Filter>libjpeg</Filter>
    </ClCompile>
    <ClCompile Include="..\Engine\jpeglib\jcinit.c">
      <Filter>libjpeg</Filter>
    </ClCompile>
    <ClCompile Include="..\Engine\jpeglib\jcmainct.c">
      <Filter>libjpeg</Filter>
    </ClCompile>
    <ClCompile Include="..\Engine\jpeglib\jcmarker.c">
      <Filter>libjpeg</Filter>
    </ClCompile>
    <ClCompile Include="..\Engine\jpeglib\jcmaster.c">
      <Filter>libjpeg</Filter>
    </ClCompile>
    <ClCompile Include="..\Engine\jpeglib\jcomapi.c">
      <Filter>libjpeg</Filter>
    </ClCompile>
    <ClCompile Include="..\Engine\jpeglib\jcparam.c">
      <Filter>libjpeg</Filter>
    </ClCompile>
    <ClCompile Include="..\Engine\jpeglib\jcprepct.c">
      <Filter>libjpeg</Filter>
    </ClCompile>
    <ClCompile Include="..\Engine\jpeglib\jcsample.c">
      <Filter>libjpeg</Filter>
    </ClCompile>
    <ClCompile Include="..\Engine\jpeglib\jctrans.c">
      <Filter>libjpeg</Filter>
    </ClCompile>
    <ClCompile Include="..\Engine\jpeglib\jdapimin.c">
      <Filter>libjpeg</Filter>
    </ClCompile>
    <ClCompile Include="..\Engine\jpeglib\jdapistd.c">
      <Filter>libjpeg</Filter>
    </ClCompile>
    <ClCompile Include="..\Engine\jpeglib\jdarith.c">
      <Filter>libjpeg</Filter>
    </ClCompile>
    <ClCompile Include="..\Engine\jpeglib\jdatadst.c">
      <Filter>libjpeg</Filter>
    </ClCompile>
    <ClCompile Include="..\Engine\jpeglib\jdatasrc.c">
      <Filter>libjpeg</Filter>
    </ClCompile>
    <ClCompile Include="..\Engine\jpeglib\jdcoefct.c">
      <Filter>libjpeg</Filter>
    </ClCompile>
    <ClCompile Include="..\Engine\jpeglib\jdcolor.c">
      <Filter>libjpeg</Filter>
    </ClCompile>
    <ClCompile Include="..\Engine\jpeglib\jddctmgr.c">
      <Filter>libjpeg</Filter>
    </ClCompile>
    <ClCompile Include="..\Engine\jpeglib\jdhuff.c">
      <Filter>libjpeg</Filter>
    </ClCompile>
    <ClCompile Include="..\Engine\jpeglib\jdinput.c">
      <Filter>libjpeg</Filter>
    </ClCompile>
    <ClCompile Include="..\Engine\jpeglib\jdmainct.c">
      <Filter>libjpeg</Filter>
    </ClCompile>
    <ClCompile Include="..\Engine\jpeglib\jdmarker.c">
      <Filter>libjpeg</Filter>
    </ClCompile>
    <ClCompile Include="..\Engine\jpeglib\jdmaster.c">
      <Filter>libjpeg</Filter>
    </ClCompile>
    <ClCompile Include="..\Engine\jpeglib\jdmerge.c">
      <Filter>libjpeg</Filter>
    </ClCompile>
    <ClCompile Include="..\Engine\jpeglib\jdpostct.c">
      <Filter>libjpeg</Filter>
    </ClCompile>
    <ClCompile Include="..\Engine\jpeglib\jdsample.c">
      <Filter>libjpeg</Filter>
    </ClCompile>
    <ClCompile Include="..\Engine\jpeglib\jdtrans.c">
      <Filter>libjpeg</Filter>
    </ClCompile>
    <ClCompile Include="..\Engine\jpeglib\jerror.c">
      <Filter>libjpeg</Filter>
    </ClCompile>
    <ClCompile Include="..\Engine\jpeglib\jfdctflt.c">
      <Filter>libjpeg</Filter>
    </ClCompile>
    <ClCompile Include="..\Engine\jpeglib\jfdctfst.c">
      <Filter>libjpeg</Filter>
    </ClCompile>
    <ClCompile Include="..\Engine\jpeglib\jfdctint.c">
      <Filter>libjpeg</Filter>
    </ClCompile>
    <ClCompile Include="..\Engine\jpeglib\jidctflt.c">
      <Filter>libjpeg</Filter>
    </ClCompile>
    <ClCompile Include="..\Engine\jpeglib\jidctfst.c">
      <Filter>libjpeg</Filter>
    </ClCompile>
    <ClCompile Include="..\Engine\jpeglib\jidctint.c">
      <Filter>libjpeg</Filter>
    </ClCompile>
    <ClCompile Include="..\Engine\jpeglib\jmemmgr.c">
      <Filter>libjpeg</Filter>
    </ClCompile>
    <ClCompile Include="..\Engine\jpeglib\jmemnobs.c">
      <Filter>libjpeg</Filter>
    </ClCompile>
    <ClCompile Include="..\Engine\jpeglib\jquant1.c">
      <Filter>libjpeg</Filter>
    </ClCompile>
    <ClCompile Include="..\Engine\jpeglib\jquant2.c">
      <Filter>libjpeg</Filter>
    </ClCompile>
    <ClCompile Include="..\Engine\jpeglib\jutils.c">
      <Filter>libjpeg</Filter>
    </ClCompile>
    <ClCompile Include="..\Engine\libpng\png.c">
      <Filter>libpng</Filter>
    </ClCompile>
    <ClCompile Include="..\Engine\libpng\pngerror.c">
      <Filter>libpng</Filter>
    </ClCompile>
    <ClCompile Include="..\Engine\libpng\pngget.c">
      <Filter>libpng</Filter>
    </ClCompile>
    <ClCompile Include="..\Engine\libpng\pngmem.c">
      <Filter>libpng</Filter>
    </ClCompile>
    <ClCompile Include="..\Engine\libpng\pngpread.c">
      <Filter>libpng</Filter>
    </ClCompile>
    <ClCompile Include="..\Engine\libpng\pngrutil.c">
      <Filter>libpng</Filter>
    </ClCompile>
    <ClCompile Include="..\Engine\libpng\pngwrite.c">
      <Filter>libpng</Filter>
    </ClCompile>
    <ClCompile Include="..\Engine\libpng\pngrio.c">
      <Filter>libpng</Filter>
    </ClCompile>
    <ClCompile Include="..\Engine\libpng\pngrtran.c">
      <Filter>libpng</Filter>
    </ClCompile>
    <ClCompile Include="..\Engine\libpng\pngset.c">
      <Filter>libpng</Filter>
    </ClCompile>
    <ClCompile Include="..\Engine\libpng\pngwio.c">
      <Filter>libpng</Filter>
    </ClCompile>
    <ClCompile Include="..\Engine\libpng\pngwtran.c">
      <Filter>libpng</Filter>
    </ClCompile>
    <ClCompile Include="..\Engine\libpng\pngwutil.c">
      <Filter>libpng</Filter>
    </ClCompile>
    <ClCompile Include="..\Engine\libpng\pngread.c">
      <Filter>libpng</Filter>
    </ClCompile>
    <ClCompile Include="..\Engine\libpng\pngtrans.c">
      <Filter>libpng</Filter>
    </ClCompile>
    <ClCompile Include="..\Engine\zlib\adler32.c">
      <Filter>zlib</Filter>
    </ClCompile>
    <ClCompile Include="..\Engine\zlib\compress.c">
      <Filter>zlib</Filter>
    </ClCompile>
    <ClCompile Include="..\Engine\zlib\crc32.c">
      <Filter>zlib</Filter>
    </ClCompile>
    <ClCompile Include="..\Engine\zlib\deflate.c">
      <Filter>zlib</Filter>
    </ClCompile>
    <ClCompile Include="..\Engine\zlib\infback.c">
      <Filter>zlib</Filter>
    </ClCompile>
    <ClCompile Include="..\Engine\zlib\inffast.c">
      <Filter>zlib</Filter>
    </ClCompile>
    <ClCompile Include="..\Engine\zlib\inflate.c">
      <Filter>zlib</Filter>
    </ClCompile>
    <ClCompile Include="..\Engine\zlib\inftrees.c">
      <Filter>zlib</Filter>
    </ClCompile>
    <ClCompile Include="..\Engine\zlib\trees.c">
      <Filter>zlib</Filter>
    </ClCompile>
    <ClCompile Include="..\Engine\zlib\uncompr.c">
      <Filter>zlib</Filter>
    </ClCompile>
    <ClCompile Include="..\Engine\zlib\zutil.c">
      <Filter>zlib</Filter>
    </ClCompile>
    <ClCompile Include="..\Engine\ImageLoaderPNG.cpp">
      <Filter>源文件</Filter>
    </ClCompile>
    <ClCompile Include="..\Engine\Light.cpp">
      <Filter>源文件</Filter>
    </ClCompile>
    <ClCompile Include="..\Engine\ShadowVolume.cpp">
      <Filter>源文件</Filter>
    </ClCompile>
    <ClCompile Include="..\Engine\FPSCounter.cpp">
      <Filter>源文件</Filter>
    </ClCompile>
    <ClCompile Include="..\Engine\ImageLoaderDDS.cpp">
      <Filter>源文件</Filter>
    </ClCompile>
    <ClCompile Include="..\Engine\Image.cpp">
      <Filter>源文件</Filter>
    </ClCompile>
    <ClCompile Include="..\Engine\FPSCameraController.cpp">
      <Filter>源文件</Filter>
    </ClCompile>
    <ClCompile Include="..\Engine\ImageLoaderBMP.cpp">
      <Filter>源文件</Filter>
    </ClCompile>
    <ClCompile Include="..\Engine\MeshLoaderB3D.cpp">
      <Filter>源文件</Filter>
    </ClCompile>
    <ClCompile Include="..\Engine\ResourceManager.cpp">
      <Filter>源文件</Filter>
    </ClCompile>
    <ClCompile Include="..\Engine\Texture.cpp">
      <Filter>源文件</Filter>
    </ClCompile>
    <ClCompile Include="..\Engine\UIRender.cpp">
      <Filter>源文件</Filter>
    </ClCompile>
    <ClCompile Include="..\Engine\FontGenerator.cpp">
      <Filter>源文件</Filter>
    </ClCompile>
    <ClCompile Include="..\Engine\mat4.cpp">
      <Filter>common</Filter>
    </ClCompile>
    <ClCompile Include="..\Engine\vec2.cpp">
      <Filter>common</Filter>
    </ClCompile>
    <ClCompile Include="..\Engine\quat.cpp">
      <Filter>common</Filter>
    </ClCompile>
    <ClCompile Include="..\Engine\glutils.cpp">
      <Filter>common</Filter>
    </ClCompile>
  </ItemGroup>
  <ItemGroup>
    <ClInclude Include="..\Engine\DrawHelper.h">
      <Filter>头文件</Filter>
    </ClInclude>
    <ClInclude Include="..\Engine\FileWriter.h">
      <Filter>头文件</Filter>
    </ClInclude>
    <ClInclude Include="..\Engine\Mesh.h">
      <Filter>头文件</Filter>
    </ClInclude>
    <ClInclude Include="..\Engine\MeshRender.h">
      <Filter>头文件</Filter>
    </ClInclude>
    <ClInclude Include="..\Engine\Pipeline.h">
      <Filter>头文件</Filter>
    </ClInclude>
    <ClInclude Include="..\Engine\PipelineP.h">
      <Filter>头文件</Filter>
    </ClInclude>
    <ClInclude Include="..\Engine\PipelinePosTexLig.h">
      <Filter>头文件</Filter>
    </ClInclude>
    <ClInclude Include="..\Engine\PipelinePT.h">
      <Filter>头文件</Filter>
    </ClInclude>
    <ClInclude Include="..\Engine\PositionShader.h">
      <Filter>头文件</Filter>
    </ClInclude>
    <ClInclude Include="..\Engine\SkinnedMesh.h">
      <Filter>头文件</Filter>
    </ClInclude>
    <ClInclude Include="..\Engine\jpeglib\cderror.h">
      <Filter>libjpeg</Filter>
    </ClInclude>
    <ClInclude Include="..\Engine\jpeglib\jconfig.h">
      <Filter>libjpeg</Filter>
    </ClInclude>
    <ClInclude Include="..\Engine\jpeglib\jdct.h">
      <Filter>libjpeg</Filter>
    </ClInclude>
    <ClInclude Include="..\Engine\jpeglib\jerror.h">
      <Filter>libjpeg</Filter>
    </ClInclude>
    <ClInclude Include="..\Engine\jpeglib\jinclude.h">
      <Filter>libjpeg</Filter>
    </ClInclude>
    <ClInclude Include="..\Engine\jpeglib\jmemsys.h">
      <Filter>libjpeg</Filter>
    </ClInclude>
    <ClInclude Include="..\Engine\jpeglib\jmorecfg.h">
      <Filter>libjpeg</Filter>
    </ClInclude>
    <ClInclude Include="..\Engine\jpeglib\jpegint.h">
      <Filter>libjpeg</Filter>
    </ClInclude>
    <ClInclude Include="..\Engine\jpeglib\jpeglib.h">
      <Filter>libjpeg</Filter>
    </ClInclude>
    <ClInclude Include="..\Engine\jpeglib\jversion.h">
      <Filter>libjpeg</Filter>
    </ClInclude>
    <ClInclude Include="ShadowVolume.h">
      <Filter>头文件</Filter>
    </ClInclude>
    <ClInclude Include="..\Engine\libpng\png.h">
      <Filter>libpng</Filter>
    </ClInclude>
    <ClInclude Include="..\Engine\libpng\pngconf.h">
      <Filter>libpng</Filter>
    </ClInclude>
    <ClInclude Include="..\Engine\zlib\crc32.h">
      <Filter>zlib</Filter>
    </ClInclude>
    <ClInclude Include="..\Engine\zlib\deflate.h">
      <Filter>zlib</Filter>
    </ClInclude>
    <ClInclude Include="..\Engine\zlib\inffast.h">
      <Filter>zlib</Filter>
    </ClInclude>
    <ClInclude Include="..\Engine\zlib\inffixed.h">
      <Filter>zlib</Filter>
    </ClInclude>
    <ClInclude Include="..\Engine\zlib\inflate.h">
      <Filter>zlib</Filter>
    </ClInclude>
    <ClInclude Include="..\Engine\zlib\inftrees.h">
      <Filter>zlib</Filter>
    </ClInclude>
    <ClInclude Include="..\Engine\zlib\trees.h">
      <Filter>zlib</Filter>
    </ClInclude>
    <ClInclude Include="..\Engine\zlib\zconf.h">
      <Filter>zlib</Filter>
    </ClInclude>
    <ClInclude Include="..\Engine\zlib\zlib.h">
      <Filter>zlib</Filter>
    </ClInclude>
    <ClInclude Include="..\Engine\zlib\zutil.h">
      <Filter>zlib</Filter>
    </ClInclude>
    <ClInclude Include="..\Engine\Light.h">
      <Filter>头文件</Filter>
    </ClInclude>
    <ClInclude Include="..\Engine\ShadowVolume.h">
      <Filter>源文件</Filter>
    </ClInclude>
    <ClInclude Include="..\Engine\FPSCounter.h">
      <Filter>头文件</Filter>
    </ClInclude>
    <ClInclude Include="..\Engine\Image.h">
      <Filter>头文件</Filter>
    </ClInclude>
    <ClInclude Include="..\Engine\FPSCameraController.h">
      <Filter>头文件</Filter>
    </ClInclude>
    <ClInclude Include="..\Engine\ImageLoader.h">
      <Filter>头文件</Filter>
    </ClInclude>
    <ClInclude Include="..\Engine\Joint.h">
      <Filter>头文件</Filter>
    </ClInclude>
    <ClInclude Include="..\Engine\MeshLoaderB3D.h">
      <Filter>头文件</Filter>
    </ClInclude>
    <ClInclude Include="..\Engine\ResourceManager.h">
      <Filter>头文件</Filter>
    </ClInclude>
    <ClInclude Include="..\Engine\Texture.h">
      <Filter>头文件</Filter>
    </ClInclude>
    <ClInclude Include="..\Engine\UIRender.h">
      <Filter>头文件</Filter>
    </ClInclude>
    <ClInclude Include="..\Engine\FontGenerator.h">
      <Filter>头文件</Filter>
    </ClInclude>
    <ClInclude Include="..\Engine\array.h">
      <Filter>common</Filter>
    </ClInclude>
    <ClInclude Include="..\Engine\glutils.h">
      <Filter>common</Filter>
    </ClInclude>
    <ClInclude Include="..\Engine\glshaderutils.h">
      <Filter>common</Filter>
    </ClInclude>
    <ClInclude Include="..\Engine\mat4.h">
      <Filter>common</Filter>
    </ClInclude>
    <ClInclude Include="..\Engine\mat4helper.h">
      <Filter>common</Filter>
    </ClInclude>
    <ClInclude Include="..\Engine\quat.h">
      <Filter>common</Filter>
    </ClInclude>
    <ClInclude Include="..\Engine\vec3.h">
      <Filter>common</Filter>
    </ClInclude>
    <ClInclude Include="..\Engine\vec2.h">
      <Filter>common</Filter>
    </ClInclude>
  </ItemGroup>
</Project>